// !$*UTF8*$!
{
	archiveVersion = 1;
	classes = {
	};
	objectVersion = 77;
	objects = {

/* Begin PBXBuildFile section */
		A1C2D3E4F5061728394A5B6C /* CustomReminder.swift in Sources */ = {isa = PBXBuildFile; fileRef = B2D3E4F5A6071839405B6C7D /* CustomReminder.swift */; };
		C3D4E5F6A7081940516B7C8D /* AddReminderView.swift in Sources */ = {isa = PBXBuildFile; fileRef = D4E5F6A7B8092051627C8D9E /* AddReminderView.swift */; };
		CC92D8BF9F584F05B842D5DC /* DoseConfirmationOverlay.swift in Sources */ = {isa = PBXBuildFile; fileRef = 9180C9A3ECDB451AB24CB12E /* DoseConfirmationOverlay.swift */; };
		862C432FB7294BE08ED90106 /* OnboardingView.swift in Sources */ = {isa = PBXBuildFile; fileRef = 2536DC08D5CF4FB8A071446C /* OnboardingView.swift */; };
		07DEBBC82548421DA4F39E36 /* TodayView.swift in Sources */ = {isa = PBXBuildFile; fileRef = 0C76CC51ADE9415693A894E4 /* TodayView.swift */; };
		017403B7AA83947B1AEE00F5 /* AppRouter.swift in Sources */ = {isa = PBXBuildFile; fileRef = 6906073674058FE0D69DF27A /* AppRouter.swift */; };
		024BD1115CCC6756FA9CD5D4 /* EmergencyAlertView.swift in Sources */ = {isa = PBXBuildFile; fileRef = 9FCBC5B5E214063962B8664F /* EmergencyAlertView.swift */; };
		03EE3506AC802D1127D389B5 /* SymptomLog.swift in Sources */ = {isa = PBXBuildFile; fileRef = E71B1D931596710E77FA6FC1 /* SymptomLog.swift */; };
		04E1B07FD7BCCC0178F442E4 /* ServiceTests.swift in Sources */ = {isa = PBXBuildFile; fileRef = 32C9F44F1AD84C570EE2007E /* ServiceTests.swift */; };
		0A5949306663590A3AF06B8A /* NudgeBannerView.swift in Sources */ = {isa = PBXBuildFile; fileRef = 0F9D217B6086C05614935191 /* NudgeBannerView.swift */; };
		0D0208326DFEF12FA4665050 /* MainTabView.swift in Sources */ = {isa = PBXBuildFile; fileRef = C420655CA9F0488A7FBDA2E0 /* MainTabView.swift */; };
		0F1B2F42C24B308008B8CFBA /* EpisodeDetailView.swift in Sources */ = {isa = PBXBuildFile; fileRef = 2201F29614A10E7DC1B16403 /* EpisodeDetailView.swift */; };
		0F9CC31DE8FF535B998D6C7E /* MedCareWidgetExtensionBundle.swift in Sources */ = {isa = PBXBuildFile; fileRef = 3B219245D0700EF3B7879330 /* MedCareWidgetExtensionBundle.swift */; };
		152CBFFC8AA93A4855D39A73 /* TimelineMilestoneCard.swift in Sources */ = {isa = PBXBuildFile; fileRef = 96A13E97377FB815714F7615 /* TimelineMilestoneCard.swift */; };
		187920574B8E4878CA098E62 /* SmartSchedulingService.swift in Sources */ = {isa = PBXBuildFile; fileRef = 90AFC1B614595991A4A0A37E /* SmartSchedulingService.swift */; };
		18C052C43EA393FDBB014CF4 /* MCTextField.swift in Sources */ = {isa = PBXBuildFile; fileRef = 24188DD9C1575658D75D710E /* MCTextField.swift */; };
		1A74C18C2735C18A1E343205 /* LiveActivityService.swift in Sources */ = {isa = PBXBuildFile; fileRef = 70D482084E01B5DE6454D027 /* LiveActivityService.swift */; };
		1B0BB8122C389759DF8BEC93 /* AddDocumentView.swift in Sources */ = {isa = PBXBuildFile; fileRef = 2105B5488586FB05EE78836A /* AddDocumentView.swift */; };
		1B532D45AA30032F9E4751C3 /* PharmaDataNetwork.swift in Sources */ = {isa = PBXBuildFile; fileRef = 2E93F8220F2CE84FE9F98E81 /* PharmaDataNetwork.swift */; };
		1CDC829225789D2A5CC7867C /* HistoryView.swift in Sources */ = {isa = PBXBuildFile; fileRef = 03062A9D3A3A338EFB504CA4 /* HistoryView.swift */; };
		1CF5F1BE247888D98EA20352 /* CareTask.swift in Sources */ = {isa = PBXBuildFile; fileRef = DEE02F86B61A1F8C8B17F7E1 /* CareTask.swift */; };
		220C414DB770659C2066F781 /* Episode.swift in Sources */ = {isa = PBXBuildFile; fileRef = D2C76F007E4B9C5B037D97C0 /* Episode.swift */; };
		23A6CB0B462D0C98400196C6 /* LLMConfig.swift in Sources */ = {isa = PBXBuildFile; fileRef = 7EE761BB7517B16A0C7E7D8B /* LLMConfig.swift */; };
		256E74459ADC4FD2DB375F34 /* MCBadge.swift in Sources */ = {isa = PBXBuildFile; fileRef = 938D83A193BD3E835B3A2C7A /* MCBadge.swift */; };
		2A60E73274BC181413CEAC92 /* APIService.swift in Sources */ = {isa = PBXBuildFile; fileRef = 4A96CB51A32C79ED676F5A46 /* APIService.swift */; };
		2DEB7905E5BDF5A7B1ED3296 /* DateExtensions.swift in Sources */ = {isa = PBXBuildFile; fileRef = 8E526C92CE63E2D6ECD57EDE /* DateExtensions.swift */; };
		2F090D7D62A663CC72740E2E /* EpisodeFilesTabView.swift in Sources */ = {isa = PBXBuildFile; fileRef = 065DE45299423273167DDCFF /* EpisodeFilesTabView.swift */; };
		31C240D9077F5DE7B1139C4E /* DoseLog.swift in Sources */ = {isa = PBXBuildFile; fileRef = 6AE7F931AD9D922B26A33144 /* DoseLog.swift */; };
		3206E2DBE71F25EEC8CE9501 /* UserProfile.swift in Sources */ = {isa = PBXBuildFile; fileRef = 79556B905F65E2B695E8851D /* UserProfile.swift */; };
		333367B4E1CD3B984AF11DF8 /* RootView.swift in Sources */ = {isa = PBXBuildFile; fileRef = 78C3338F7481E534A0E9E630 /* RootView.swift */; };
		A1B2C3D4E5F60718192A3B4C /* NotificationDelegate.swift in Sources */ = {isa = PBXBuildFile; fileRef = D4E5F6071819A1B2C3D42A3B /* NotificationDelegate.swift */; };
		3E95BF917069FB2411B6E71E /* AnalyticsService.swift in Sources */ = {isa = PBXBuildFile; fileRef = 0D7E5C7CF90F619CFEF0E720 /* AnalyticsService.swift */; };
		3FB78B10851B5B0130CA279C /* AIChatView.swift in Sources */ = {isa = PBXBuildFile; fileRef = 2B26F8797DF6B90CD0C8BCDC /* AIChatView.swift */; };
		4F86E6BF940A2B594293429D /* PositioningDashboard.swift in Sources */ = {isa = PBXBuildFile; fileRef = FD6E1C1C90AB02B05D4B7CBF /* PositioningDashboard.swift */; };
		5173EF06A9B15F9859D8A2FD /* AIExtractionService.swift in Sources */ = {isa = PBXBuildFile; fileRef = 42FCFBEE1DC2039D02A2F074 /* AIExtractionService.swift */; };
		56DFAEF866924B1B5E3307BF /* ChatBubbleView.swift in Sources */ = {isa = PBXBuildFile; fileRef = 897B77F35B54F2EB1A1ED45C /* ChatBubbleView.swift */; };
		5833EB0BAAD399C81137702E /* ModelTests.swift in Sources */ = {isa = PBXBuildFile; fileRef = 997F201D1F278640A7006269 /* ModelTests.swift */; };
		597534C0FAF027EEE5E8AF5C /* MCCard.swift in Sources */ = {isa = PBXBuildFile; fileRef = C295CB0060698E0AEA624EDA /* MCCard.swift */; };
		5B0B59C5A07EE32F74273944 /* OfflineSyncService.swift in Sources */ = {isa = PBXBuildFile; fileRef = 60018BEAD55013A6A192AE15 /* OfflineSyncService.swift */; };
		A1B2C3D4E5F60718A9B0C1D2 /* NetworkMonitor.swift in Sources */ = {isa = PBXBuildFile; fileRef = A1B2C3D4E5F60718A9B0C1D3 /* NetworkMonitor.swift */; };
		5B521F097D25ECBD4E1356E5 /* UploadPrescriptionView.swift in Sources */ = {isa = PBXBuildFile; fileRef = 86568600EF51B56B9BC7A498 /* UploadPrescriptionView.swift */; };
		A3F1D2E4B5C6789012345678 /* ManualMedicineEntryView.swift in Sources */ = {isa = PBXBuildFile; fileRef = D4E5F6A7B8C9012345678901 /* ManualMedicineEntryView.swift */; };
		5B56FDD1A975D4E170D42AF1 /* ConfirmationView.swift in Sources */ = {isa = PBXBuildFile; fileRef = 2B5FB0A2DDF46C68E31AF399 /* ConfirmationView.swift */; };
		5F37C9FE011BF3B334C9D726 /* User.swift in Sources */ = {isa = PBXBuildFile; fileRef = 25C65F1BC213B42F1529A1BB /* User.swift */; };
		64BFF763558E2EB0541EE15C /* MedCareApp.swift in Sources */ = {isa = PBXBuildFile; fileRef = 55D6E8DA5684D36611202A1C /* MedCareApp.swift */; };
		6BE91295AA48143C49A7E7C6 /* ProfileSetupView.swift in Sources */ = {isa = PBXBuildFile; fileRef = 3265BC1F24127DAF25A3CCE2 /* ProfileSetupView.swift */; };
		6D3DE88EDBDAB6CFB740741C /* DocumentThumbnailCard.swift in Sources */ = {isa = PBXBuildFile; fileRef = 3C81A826372397B5FA1EC28A /* DocumentThumbnailCard.swift */; };
		6D71BF6E41236D843D811B93 /* SymptomLogView.swift in Sources */ = {isa = PBXBuildFile; fileRef = CD7CD36F7B235949FF5EBA21 /* SymptomLogView.swift */; };
		716890B029DDA1F2FAF7304D /* MCButton.swift in Sources */ = {isa = PBXBuildFile; fileRef = D64022A94F4B5B1AB078F973 /* MCButton.swift */; };
		71A1CBD1D3C8439C4BA5EFC4 /* Secrets.plist in Resources */ = {isa = PBXBuildFile; fileRef = 9172FED27F5FB8AA88CB887B /* Secrets.plist */; };
		72C1D35D5C0D3F994CA714CF /* Medicine.swift in Sources */ = {isa = PBXBuildFile; fileRef = 4D2418FBB225C8E13359A71F /* Medicine.swift */; };
		74A31AE94E4C6EE9665014F3 /* RegionalLanguageAI.swift in Sources */ = {isa = PBXBuildFile; fileRef = 7D79279702C1D31D3A41ECD7 /* RegionalLanguageAI.swift */; };
		75B63D2A3872939DA8F9CC43 /* ProfileManagementView.swift in Sources */ = {isa = PBXBuildFile; fileRef = A9E063B71DD33DDA14099AFA /* ProfileManagementView.swift */; };
		76AB35F3AF89B0E5141F269B /* DoseReminderLiveActivity.swift in Sources */ = {isa = PBXBuildFile; fileRef = 0C57BE048F0A112EB6DBF2ED /* DoseReminderLiveActivity.swift */; };
		7700FDEC68EBADD3A54D67DE /* SplashScreen.swift in Sources */ = {isa = PBXBuildFile; fileRef = 860F8B6B6DBD9A25E6086A5B /* SplashScreen.swift */; };
		784F06FE297EB66CE9BFA16D /* RemindersView.swift in Sources */ = {isa = PBXBuildFile; fileRef = 35476A8040C8ADA50698F85F /* RemindersView.swift */; };
		7E3C86251DD0425A826B7955 /* NotificationService.swift in Sources */ = {isa = PBXBuildFile; fileRef = AA836C2DFF66A9A72C043D86 /* NotificationService.swift */; };
		81A82C6E69EA1DF20AD3CD1E /* DrugInteractionService.swift in Sources */ = {isa = PBXBuildFile; fileRef = C03CEA0FE3E6EB18BF663D63 /* DrugInteractionService.swift */; };
		879CDE88C07F657E8AD91BC4 /* ProfileFilesView.swift in Sources */ = {isa = PBXBuildFile; fileRef = 33B93A5950B339B58BA65880 /* ProfileFilesView.swift */; };
		8DA8DCE408B3307667A9AD3C /* MCSpacing.swift in Sources */ = {isa = PBXBuildFile; fileRef = 576FC7BD1D7B78B480BF1281 /* MCSpacing.swift */; };
		90023330D787F7370A0B44DB /* MedicineExpiryService.swift in Sources */ = {isa = PBXBuildFile; fileRef = 633C2709516F10BE915A3B1A /* MedicineExpiryService.swift */; };
		90F695E209A43FBBD687FE18 /* MCTypography.swift in Sources */ = {isa = PBXBuildFile; fileRef = B51D8F97D9C7342B90B4719D /* MCTypography.swift */; };
		9A109EDE3466BF4734C3B4AE /* AIChatService.swift in Sources */ = {isa = PBXBuildFile; fileRef = F64E9ECF7FC0DEAA7532C56B /* AIChatService.swift */; };
		A6F87369EA06B8C4387C45DA /* DoseReminderAttributes.swift in Sources */ = {isa = PBXBuildFile; fileRef = B353E5360CE9EF2259BC5455 /* DoseReminderAttributes.swift */; };
		AB129D59173DA98962F54EA4 /* MedCareWidgetExtension.appex in Embed Foundation Extensions */ = {isa = PBXBuildFile; fileRef = 163A59A82C29E4B334D1EB7E /* MedCareWidgetExtension.appex */; settings = {ATTRIBUTES = (RemoveHeadersOnCopy, ); }; };
		B277F80B62F868C2BEF9981F /* LLMProvider.swift in Sources */ = {isa = PBXBuildFile; fileRef = 7FA48051E48FB906F1C7D942 /* LLMProvider.swift */; };
		B2B85E6CD6D6BD9CCE26BF23 /* DocumentDetailView.swift in Sources */ = {isa = PBXBuildFile; fileRef = EEC06F56E11C5093059156A8 /* DocumentDetailView.swift */; };
		B425D57678259B97C79400BB /* HomeView.swift in Sources */ = {isa = PBXBuildFile; fileRef = F92DFC21E3490828822DB66E /* HomeView.swift */; };
		B77504FB6B266902AB381E8C /* EpisodeImage.swift in Sources */ = {isa = PBXBuildFile; fileRef = 6A0E4A191EAA8E91F635F5C3 /* EpisodeImage.swift */; };
		B77DD01D18B35079D4C61479 /* PositioningAgent.swift in Sources */ = {isa = PBXBuildFile; fileRef = F69407B9A796944B7E3224CD /* PositioningAgent.swift */; };
		BBF86CB40A4F0AD97C5EDE25 /* MCColors.swift in Sources */ = {isa = PBXBuildFile; fileRef = 52401AE89BD8B0B9531877C5 /* MCColors.swift */; };
		BDBB2D80E1330A794ED7EBC7 /* AuthService.swift in Sources */ = {isa = PBXBuildFile; fileRef = 84A95801BD8DE01FDE044462 /* AuthService.swift */; };
		CD60EB529714056EBC3E5718 /* DataService.swift in Sources */ = {isa = PBXBuildFile; fileRef = 3E4F62CF8A1F26336018727C /* DataService.swift */; };
		D07833DBD11D1714966D57AA /* GroqProvider.swift in Sources */ = {isa = PBXBuildFile; fileRef = A359D3EB292521F12D17B4EA /* GroqProvider.swift */; };
		D0A8563821883C638779A338 /* OTPVerificationView.swift in Sources */ = {isa = PBXBuildFile; fileRef = 57DEAAF72E45AA035E131BC3 /* OTPVerificationView.swift */; };
		D1384A0FEA87A0E916BEFB00 /* LLMService.swift in Sources */ = {isa = PBXBuildFile; fileRef = 7470DFEC1F38EDB84E9DFF15 /* LLMService.swift */; };
		DB98810E3BB766F63ACC1458 /* Nudge.swift in Sources */ = {isa = PBXBuildFile; fileRef = F520431DDEA8AF8185D13977 /* Nudge.swift */; };
		DBDDAF884139C56ED5F0F2A8 /* WidgetDataService.swift in Sources */ = {isa = PBXBuildFile; fileRef = BB4173F5BD62B9418CD1C077 /* WidgetDataService.swift */; };
		DC3DFD2FB96E57212798BA44 /* MCEmptyState.swift in Sources */ = {isa = PBXBuildFile; fileRef = 411572CD64A8B9EB2DC4A554 /* MCEmptyState.swift */; };
		E1E6B9663DC3E0F3AC5D5B3B /* TreatmentTimelineView.swift in Sources */ = {isa = PBXBuildFile; fileRef = DB40B55F8C65FAC91BE91335 /* TreatmentTimelineView.swift */; };
		F2054610DAA2A058ED75F640 /* DoseReminderAttributes.swift in Sources */ = {isa = PBXBuildFile; fileRef = B353E5360CE9EF2259BC5455 /* DoseReminderAttributes.swift */; };
		F536AE445276F4C36D423EE7 /* ChatMessage.swift in Sources */ = {isa = PBXBuildFile; fileRef = 3B698A28C46329BC1C47C012 /* ChatMessage.swift */; };
		F9F027603A01FAA18C507B26 /* SmartNudgeService.swift in Sources */ = {isa = PBXBuildFile; fileRef = 5D30839DD4F1F2AABA827930 /* SmartNudgeService.swift */; };
		FD07D322B85EE5BC559CEED7 /* PhoneLoginView.swift in Sources */ = {isa = PBXBuildFile; fileRef = 0379F3DD718078F4ACACFF99 /* PhoneLoginView.swift */; };
		FD66D0C416BAC9AED2F89CEA /* InsightsCard.swift in Sources */ = {isa = PBXBuildFile; fileRef = 995DF3C0A4C7EDB81C8259D6 /* InsightsCard.swift */; };
		B096D8F8F34346EDB713EC6A /* AIMemoryService.swift in Sources */ = {isa = PBXBuildFile; fileRef = 93E888A61F4947FFAA322B67 /* AIMemoryService.swift */; };
		3D2DFC2AE8A2427B860E1E41 /* AchievementService.swift in Sources */ = {isa = PBXBuildFile; fileRef = F40AEB7E67CD41B8831A6718 /* AchievementService.swift */; };
		5CB4C9628AD14EACA1C034C3 /* ActivityRingView.swift in Sources */ = {isa = PBXBuildFile; fileRef = A356F1FF63FD452D820B5222 /* ActivityRingView.swift */; };
		08CD3C58882E433E8CF4684A /* BentoGridView.swift in Sources */ = {isa = PBXBuildFile; fileRef = 23D0D58A7D0A488CBDE42506 /* BentoGridView.swift */; };
		7953CA62FB9543A692397AA3 /* ChatHistoryView.swift in Sources */ = {isa = PBXBuildFile; fileRef = 3D388E6FA0C84AEE824D58D4 /* ChatHistoryView.swift */; };
		29A65160EEDF49C39BBDA1BE /* ChatSession.swift in Sources */ = {isa = PBXBuildFile; fileRef = DD8589FDDB1E498B87C685A1 /* ChatSession.swift */; };
		080F41568539494FABC53FF7 /* ConfettiView.swift in Sources */ = {isa = PBXBuildFile; fileRef = B89E78EC993345E4BB2F374B /* ConfettiView.swift */; };
		B6913B874F8A4FCF90DEFEF1 /* ContextualTipsService.swift in Sources */ = {isa = PBXBuildFile; fileRef = E2217BDF3E4E40F68151008E /* ContextualTipsService.swift */; };
		1B69B955742447038206E5D4 /* DoctorVisitPrepService.swift in Sources */ = {isa = PBXBuildFile; fileRef = 49325593A8774EFEA3912809 /* DoctorVisitPrepService.swift */; };
		878AC36459AE4CAA95392C12 /* DoctorVisitPrepView.swift in Sources */ = {isa = PBXBuildFile; fileRef = 7725853CF0254491BBD8E1EA /* DoctorVisitPrepView.swift */; };
		B4A3F2E1D0C9B8A7F6E5D4C3 /* DoctorVisitPrepWrapper.swift in Sources */ = {isa = PBXBuildFile; fileRef = 3C4D5E6F7A8B9C0D1E2F3A4B /* DoctorVisitPrepWrapper.swift */; };
		2D3927A6BC3B411997D613B7 /* DoseCalendarView.swift in Sources */ = {isa = PBXBuildFile; fileRef = 88F01E29B1FC4597875A856E /* DoseCalendarView.swift */; };
		AE922B2788484B87BB7BA0F1 /* DrugQAService.swift in Sources */ = {isa = PBXBuildFile; fileRef = 074674E64A64452687C9D6FB /* DrugQAService.swift */; };
		A8802DD987DE4C17944CC4CB /* ElderModeService.swift in Sources */ = {isa = PBXBuildFile; fileRef = 39937A2CE5DE4566BD7D3545 /* ElderModeService.swift */; };
		12C655A809E443739438276A /* ElderModeSettingsView.swift in Sources */ = {isa = PBXBuildFile; fileRef = D6CD6318814E48BDBB1B1899 /* ElderModeSettingsView.swift */; };
		F2E1D0C9B8A7F6E5D4C3B2A1 /* NotificationSettingsView.swift in Sources */ = {isa = PBXBuildFile; fileRef = A1B2C3D4E5F6A7B8C9D0E1F2 /* NotificationSettingsView.swift */; };
		F2E1D0C9A8B7C6D5E4F3A2B1 /* AboutMedCareView.swift in Sources */ = {isa = PBXBuildFile; fileRef = 1A2B3C4D5E6F7A8B9C0D1E2F /* AboutMedCareView.swift */; };
		A7B8C9D0E1F2A3B4C5D6E7F8 /* AchievementsView.swift in Sources */ = {isa = PBXBuildFile; fileRef = C5D6E7F8A9B0C1D2E3F4A5B6 /* AchievementsView.swift */; };
		E3F2A1B0C9D8E7F6A5B4C3D2 /* EditProfileView.swift in Sources */ = {isa = PBXBuildFile; fileRef = B4C5D6E7F8A9B0C1D2E3F4A5 /* EditProfileView.swift */; };
		8CD7F9D01DEC4CEBA28B6D44 /* HealthJournalService.swift in Sources */ = {isa = PBXBuildFile; fileRef = DA25944B105945E08CC8EC25 /* HealthJournalService.swift */; };
		276DD3B14C5A48AEB1DDA797 /* HealthJournalView.swift in Sources */ = {isa = PBXBuildFile; fileRef = 70C122DE3FAD431EBD5A5EAD /* HealthJournalView.swift */; };
		FC0BBD291EE64A4B8ED9984B /* HealthKitService.swift in Sources */ = {isa = PBXBuildFile; fileRef = A8F33448251D4A358396B325 /* HealthKitService.swift */; };
		1A2CD993D72546C8A945EEF8 /* HealthKitSummaryCard.swift in Sources */ = {isa = PBXBuildFile; fileRef = 3BD0ABACA46840F19270556D /* HealthKitSummaryCard.swift */; };
		964893BB26DF4EE9B05B6613 /* HealthReportService.swift in Sources */ = {isa = PBXBuildFile; fileRef = 0333C44829FA43D2BAB9F70C /* HealthReportService.swift */; };
		7D4BE13860194D8B99028E53 /* HealthScoreService.swift in Sources */ = {isa = PBXBuildFile; fileRef = 9EF64BCD2E07420082AC0A54 /* HealthScoreService.swift */; };
		D0CA024A8F6145A298D8B7B3 /* HealthScoreView.swift in Sources */ = {isa = PBXBuildFile; fileRef = ED8855E6BA3946199A08CD34 /* HealthScoreView.swift */; };
		D9BCE59906E6441CA99E14D4 /* IndianDrugDatabase.swift in Sources */ = {isa = PBXBuildFile; fileRef = 2EFF3C80137F45B0A53C53A9 /* IndianDrugDatabase.swift */; };
		BBC40E1EDFD44515A163B177 /* LocalizationService.swift in Sources */ = {isa = PBXBuildFile; fileRef = F2DFB5E2AF844857AA22B67C /* LocalizationService.swift */; };
		4D0D0618654846BDBD7B982C /* MCAnimations.swift in Sources */ = {isa = PBXBuildFile; fileRef = 3C53C515412F416D9CBC3F59 /* MCAnimations.swift */; };
		FA331C090B09456BA21E4DB8 /* MeshGradientBackground.swift in Sources */ = {isa = PBXBuildFile; fileRef = 52443C400F1E41DC8DC376AC /* MeshGradientBackground.swift */; };
		0905BBB0CFEB452FB5EC90E9 /* MissedDoseGuidanceService.swift in Sources */ = {isa = PBXBuildFile; fileRef = 76BC0EA65BAA4FB1A7E90FEA /* MissedDoseGuidanceService.swift */; };
		10EB4FDFAC964F2B9F20302F /* MoodCheckInCard.swift in Sources */ = {isa = PBXBuildFile; fileRef = B120343C82EA49B1BFC1FE48 /* MoodCheckInCard.swift */; };
		0DF0BFFE7AA64EEE8239E7F9 /* MoodTrackingService.swift in Sources */ = {isa = PBXBuildFile; fileRef = 5FB0A8918E07424A857EB218 /* MoodTrackingService.swift */; };
		EF0CBC66007945D4930CF0FE /* MorningBriefingCard.swift in Sources */ = {isa = PBXBuildFile; fileRef = DDCC018CC97B4CCAABFE72A7 /* MorningBriefingCard.swift */; };
		117EA325F8B343649A1F30D5 /* MorningBriefingService.swift in Sources */ = {isa = PBXBuildFile; fileRef = 50EFF0DA9FCD49799720553B /* MorningBriefingService.swift */; };
		51A002B3EDAF420D9349B704 /* PredictiveInsightsService.swift in Sources */ = {isa = PBXBuildFile; fileRef = D2951BD7C79A41EABAC36D81 /* PredictiveInsightsService.swift */; };
		73E6A6A2C7914313B1506B8F /* QuickAddMedicineView.swift in Sources */ = {isa = PBXBuildFile; fileRef = CBF4348CC75746259D517D70 /* QuickAddMedicineView.swift */; };
		1201AD2440944CB498F1E0A6 /* RefillReminderService.swift in Sources */ = {isa = PBXBuildFile; fileRef = 35B36B7B124747F791BCCF83 /* RefillReminderService.swift */; };
		7F1C22977D11493BA0EA7E5F /* ShareReportView.swift in Sources */ = {isa = PBXBuildFile; fileRef = A526BFBFEAE9495F85D91664 /* ShareReportView.swift */; };
		72F3423B0A1D4307BE9EA37F /* SpeechService.swift in Sources */ = {isa = PBXBuildFile; fileRef = 27C3D35806434791A1075388 /* SpeechService.swift */; };
		57935971C4864425985BC329 /* StreakBadgeView.swift in Sources */ = {isa = PBXBuildFile; fileRef = 276F2EB541744812B664B43D /* StreakBadgeView.swift */; };
		B52936E3A27C432491E2E79A /* SubscriptionService.swift in Sources */ = {isa = PBXBuildFile; fileRef = 053EE16FD6D1465897814F03 /* SubscriptionService.swift */; };
		812F909CD9FD42D58D9EEB34 /* SwipeableMedicationCard.swift in Sources */ = {isa = PBXBuildFile; fileRef = 16C25821E6F24347ADAF4BB9 /* SwipeableMedicationCard.swift */; };
		9FB7ECD81EB247F88C832952 /* SymptomCorrelationService.swift in Sources */ = {isa = PBXBuildFile; fileRef = 15F08CA5A98C4DB9B09C3038 /* SymptomCorrelationService.swift */; };
		86F22F24A14B418C88F3C061 /* VoiceActionService.swift in Sources */ = {isa = PBXBuildFile; fileRef = C0D66994CCC54EDE98E19370 /* VoiceActionService.swift */; };
		7C21EB2C092B4197A0DCD27D /* VoiceInputButton.swift in Sources */ = {isa = PBXBuildFile; fileRef = 84F7C015936A42F39AB18D41 /* VoiceInputButton.swift */; };
		AD589B892F4946FB81C1C527 /* MedCareHomeWidget.swift in Sources */ = {isa = PBXBuildFile; fileRef = C13673C748A642938CF573F6 /* MedCareHomeWidget.swift */; };
		4DA9A1A021BF4A40A5A8BA30 /* Assets.xcassets in Resources */ = {isa = PBXBuildFile; fileRef = 8CA14EC632D64D4D827ADC1D /* Assets.xcassets */; };
		8BB78500E1B645F8A43AE237 /* SubscriptionView.swift in Sources */ = {isa = PBXBuildFile; fileRef = 0CF3CC7CF88F4BB49FA038CE /* SubscriptionView.swift */; };
		0A4389EDB00345E5989D8D75 /* SymptomClarifierService.swift in Sources */ = {isa = PBXBuildFile; fileRef = 49C84307F28F404BA9300E18 /* SymptomClarifierService.swift */; };
/* End PBXBuildFile section */

/* Begin PBXContainerItemProxy section */
		8ECB97120BEE911902235864 /* PBXContainerItemProxy */ = {
			isa = PBXContainerItemProxy;
			containerPortal = C6C2D7953305CEE1BC03F0D5 /* Project object */;
			proxyType = 1;
			remoteGlobalIDString = 146C724ADAD4D7B0040AE367;
			remoteInfo = MedCare;
		};
		C286F874764C7886C1D61222 /* PBXContainerItemProxy */ = {
			isa = PBXContainerItemProxy;
			containerPortal = C6C2D7953305CEE1BC03F0D5 /* Project object */;
			proxyType = 1;
			remoteGlobalIDString = A9C1A74D135C95F7225C9EB6;
			remoteInfo = MedCareWidgetExtension;
		};
/* End PBXContainerItemProxy section */

/* Begin PBXCopyFilesBuildPhase section */
		27335DDDAAF571A68484B7B7 /* Embed Foundation Extensions */ = {
			isa = PBXCopyFilesBuildPhase;
			buildActionMask = 2147483647;
			dstPath = "";
			dstSubfolderSpec = 13;
			files = (
				AB129D59173DA98962F54EA4 /* MedCareWidgetExtension.appex in Embed Foundation Extensions */,
			);
			name = "Embed Foundation Extensions";
			runOnlyForDeploymentPostprocessing = 0;
		};
/* End PBXCopyFilesBuildPhase section */

/* Begin PBXFileReference section */
		B2D3E4F5A6071839405B6C7D /* CustomReminder.swift */ = {isa = PBXFileReference; lastKnownFileType = sourcecode.swift; path = CustomReminder.swift; sourceTree = "<group>"; };
		D4E5F6A7B8092051627C8D9E /* AddReminderView.swift */ = {isa = PBXFileReference; lastKnownFileType = sourcecode.swift; path = AddReminderView.swift; sourceTree = "<group>"; };
		9180C9A3ECDB451AB24CB12E /* DoseConfirmationOverlay.swift */ = {isa = PBXFileReference; lastKnownFileType = sourcecode.swift; path = DoseConfirmationOverlay.swift; sourceTree = "<group>"; };
		2536DC08D5CF4FB8A071446C /* OnboardingView.swift */ = {isa = PBXFileReference; lastKnownFileType = sourcecode.swift; path = OnboardingView.swift; sourceTree = "<group>"; };
		0C76CC51ADE9415693A894E4 /* TodayView.swift */ = {isa = PBXFileReference; lastKnownFileType = sourcecode.swift; path = TodayView.swift; sourceTree = "<group>"; };
		03062A9D3A3A338EFB504CA4 /* HistoryView.swift */ = {isa = PBXFileReference; lastKnownFileType = sourcecode.swift; path = HistoryView.swift; sourceTree = "<group>"; };
		0379F3DD718078F4ACACFF99 /* PhoneLoginView.swift */ = {isa = PBXFileReference; lastKnownFileType = sourcecode.swift; path = PhoneLoginView.swift; sourceTree = "<group>"; };
		065DE45299423273167DDCFF /* EpisodeFilesTabView.swift */ = {isa = PBXFileReference; lastKnownFileType = sourcecode.swift; path = EpisodeFilesTabView.swift; sourceTree = "<group>"; };
		0C57BE048F0A112EB6DBF2ED /* DoseReminderLiveActivity.swift */ = {isa = PBXFileReference; lastKnownFileType = sourcecode.swift; path = DoseReminderLiveActivity.swift; sourceTree = "<group>"; };
		0D7E5C7CF90F619CFEF0E720 /* AnalyticsService.swift */ = {isa = PBXFileReference; lastKnownFileType = sourcecode.swift; path = AnalyticsService.swift; sourceTree = "<group>"; };
		0F9D217B6086C05614935191 /* NudgeBannerView.swift */ = {isa = PBXFileReference; lastKnownFileType = sourcecode.swift; path = NudgeBannerView.swift; sourceTree = "<group>"; };
		163A59A82C29E4B334D1EB7E /* MedCareWidgetExtension.appex */ = {isa = PBXFileReference; explicitFileType = "wrapper.app-extension"; includeInIndex = 0; path = MedCareWidgetExtension.appex; sourceTree = BUILT_PRODUCTS_DIR; };
		2105B5488586FB05EE78836A /* AddDocumentView.swift */ = {isa = PBXFileReference; lastKnownFileType = sourcecode.swift; path = AddDocumentView.swift; sourceTree = "<group>"; };
		2201F29614A10E7DC1B16403 /* EpisodeDetailView.swift */ = {isa = PBXFileReference; lastKnownFileType = sourcecode.swift; path = EpisodeDetailView.swift; sourceTree = "<group>"; };
		24188DD9C1575658D75D710E /* MCTextField.swift */ = {isa = PBXFileReference; lastKnownFileType = sourcecode.swift; path = MCTextField.swift; sourceTree = "<group>"; };
		25C65F1BC213B42F1529A1BB /* User.swift */ = {isa = PBXFileReference; lastKnownFileType = sourcecode.swift; path = User.swift; sourceTree = "<group>"; };
		2B26F8797DF6B90CD0C8BCDC /* AIChatView.swift */ = {isa = PBXFileReference; lastKnownFileType = sourcecode.swift; path = AIChatView.swift; sourceTree = "<group>"; };
		2B5FB0A2DDF46C68E31AF399 /* ConfirmationView.swift */ = {isa = PBXFileReference; lastKnownFileType = sourcecode.swift; path = ConfirmationView.swift; sourceTree = "<group>"; };
		2E93F8220F2CE84FE9F98E81 /* PharmaDataNetwork.swift */ = {isa = PBXFileReference; lastKnownFileType = sourcecode.swift; path = PharmaDataNetwork.swift; sourceTree = "<group>"; };
		3265BC1F24127DAF25A3CCE2 /* ProfileSetupView.swift */ = {isa = PBXFileReference; lastKnownFileType = sourcecode.swift; path = ProfileSetupView.swift; sourceTree = "<group>"; };
		32C9F44F1AD84C570EE2007E /* ServiceTests.swift */ = {isa = PBXFileReference; lastKnownFileType = sourcecode.swift; path = ServiceTests.swift; sourceTree = "<group>"; };
		33B93A5950B339B58BA65880 /* ProfileFilesView.swift */ = {isa = PBXFileReference; lastKnownFileType = sourcecode.swift; path = ProfileFilesView.swift; sourceTree = "<group>"; };
		35476A8040C8ADA50698F85F /* RemindersView.swift */ = {isa = PBXFileReference; lastKnownFileType = sourcecode.swift; path = RemindersView.swift; sourceTree = "<group>"; };
		3B219245D0700EF3B7879330 /* MedCareWidgetExtensionBundle.swift */ = {isa = PBXFileReference; lastKnownFileType = sourcecode.swift; path = MedCareWidgetExtensionBundle.swift; sourceTree = "<group>"; };
		3B698A28C46329BC1C47C012 /* ChatMessage.swift */ = {isa = PBXFileReference; lastKnownFileType = sourcecode.swift; path = ChatMessage.swift; sourceTree = "<group>"; };
		3C81A826372397B5FA1EC28A /* DocumentThumbnailCard.swift */ = {isa = PBXFileReference; lastKnownFileType = sourcecode.swift; path = DocumentThumbnailCard.swift; sourceTree = "<group>"; };
		3E4F62CF8A1F26336018727C /* DataService.swift */ = {isa = PBXFileReference; lastKnownFileType = sourcecode.swift; path = DataService.swift; sourceTree = "<group>"; };
		3F4DEDBEBAD4454E0CF7A83A /* MedCareWidgetExtension.entitlements */ = {isa = PBXFileReference; lastKnownFileType = text.plist.entitlements; path = MedCareWidgetExtension.entitlements; sourceTree = "<group>"; };
		411572CD64A8B9EB2DC4A554 /* MCEmptyState.swift */ = {isa = PBXFileReference; lastKnownFileType = sourcecode.swift; path = MCEmptyState.swift; sourceTree = "<group>"; };
		42FCFBEE1DC2039D02A2F074 /* AIExtractionService.swift */ = {isa = PBXFileReference; lastKnownFileType = sourcecode.swift; path = AIExtractionService.swift; sourceTree = "<group>"; };
		4A96CB51A32C79ED676F5A46 /* APIService.swift */ = {isa = PBXFileReference; lastKnownFileType = sourcecode.swift; path = APIService.swift; sourceTree = "<group>"; };
		4D2418FBB225C8E13359A71F /* Medicine.swift */ = {isa = PBXFileReference; lastKnownFileType = sourcecode.swift; path = Medicine.swift; sourceTree = "<group>"; };
		52401AE89BD8B0B9531877C5 /* MCColors.swift */ = {isa = PBXFileReference; lastKnownFileType = sourcecode.swift; path = MCColors.swift; sourceTree = "<group>"; };
		55D6E8DA5684D36611202A1C /* MedCareApp.swift */ = {isa = PBXFileReference; lastKnownFileType = sourcecode.swift; path = MedCareApp.swift; sourceTree = "<group>"; };
		576FC7BD1D7B78B480BF1281 /* MCSpacing.swift */ = {isa = PBXFileReference; lastKnownFileType = sourcecode.swift; path = MCSpacing.swift; sourceTree = "<group>"; };
		57DEAAF72E45AA035E131BC3 /* OTPVerificationView.swift */ = {isa = PBXFileReference; lastKnownFileType = sourcecode.swift; path = OTPVerificationView.swift; sourceTree = "<group>"; };
		5D30839DD4F1F2AABA827930 /* SmartNudgeService.swift */ = {isa = PBXFileReference; lastKnownFileType = sourcecode.swift; path = SmartNudgeService.swift; sourceTree = "<group>"; };
		60018BEAD55013A6A192AE15 /* OfflineSyncService.swift */ = {isa = PBXFileReference; lastKnownFileType = sourcecode.swift; path = OfflineSyncService.swift; sourceTree = "<group>"; };
		A1B2C3D4E5F60718A9B0C1D3 /* NetworkMonitor.swift */ = {isa = PBXFileReference; lastKnownFileType = sourcecode.swift; path = NetworkMonitor.swift; sourceTree = "<group>"; };
		633C2709516F10BE915A3B1A /* MedicineExpiryService.swift */ = {isa = PBXFileReference; lastKnownFileType = sourcecode.swift; path = MedicineExpiryService.swift; sourceTree = "<group>"; };
		6906073674058FE0D69DF27A /* AppRouter.swift */ = {isa = PBXFileReference; lastKnownFileType = sourcecode.swift; path = AppRouter.swift; sourceTree = "<group>"; };
		6A0E4A191EAA8E91F635F5C3 /* EpisodeImage.swift */ = {isa = PBXFileReference; lastKnownFileType = sourcecode.swift; path = EpisodeImage.swift; sourceTree = "<group>"; };
		6AE7F931AD9D922B26A33144 /* DoseLog.swift */ = {isa = PBXFileReference; lastKnownFileType = sourcecode.swift; path = DoseLog.swift; sourceTree = "<group>"; };
		6DC96B0424A07F91BF5BF7ED /* Info.plist */ = {isa = PBXFileReference; lastKnownFileType = text.plist; path = Info.plist; sourceTree = "<group>"; };
		70D482084E01B5DE6454D027 /* LiveActivityService.swift */ = {isa = PBXFileReference; lastKnownFileType = sourcecode.swift; path = LiveActivityService.swift; sourceTree = "<group>"; };
		7470DFEC1F38EDB84E9DFF15 /* LLMService.swift */ = {isa = PBXFileReference; lastKnownFileType = sourcecode.swift; path = LLMService.swift; sourceTree = "<group>"; };
		78C3338F7481E534A0E9E630 /* RootView.swift */ = {isa = PBXFileReference; lastKnownFileType = sourcecode.swift; path = RootView.swift; sourceTree = "<group>"; };
		D4E5F6071819A1B2C3D42A3B /* NotificationDelegate.swift */ = {isa = PBXFileReference; lastKnownFileType = sourcecode.swift; path = NotificationDelegate.swift; sourceTree = "<group>"; };
		79556B905F65E2B695E8851D /* UserProfile.swift */ = {isa = PBXFileReference; lastKnownFileType = sourcecode.swift; path = UserProfile.swift; sourceTree = "<group>"; };
		7D79279702C1D31D3A41ECD7 /* RegionalLanguageAI.swift */ = {isa = PBXFileReference; lastKnownFileType = sourcecode.swift; path = RegionalLanguageAI.swift; sourceTree = "<group>"; };
		7EE761BB7517B16A0C7E7D8B /* LLMConfig.swift */ = {isa = PBXFileReference; lastKnownFileType = sourcecode.swift; path = LLMConfig.swift; sourceTree = "<group>"; };
		7FA48051E48FB906F1C7D942 /* LLMProvider.swift */ = {isa = PBXFileReference; lastKnownFileType = sourcecode.swift; path = LLMProvider.swift; sourceTree = "<group>"; };
		84A95801BD8DE01FDE044462 /* AuthService.swift */ = {isa = PBXFileReference; lastKnownFileType = sourcecode.swift; path = AuthService.swift; sourceTree = "<group>"; };
		860F8B6B6DBD9A25E6086A5B /* SplashScreen.swift */ = {isa = PBXFileReference; lastKnownFileType = sourcecode.swift; path = SplashScreen.swift; sourceTree = "<group>"; };
		86568600EF51B56B9BC7A498 /* UploadPrescriptionView.swift */ = {isa = PBXFileReference; lastKnownFileType = sourcecode.swift; path = UploadPrescriptionView.swift; sourceTree = "<group>"; };
		D4E5F6A7B8C9012345678901 /* ManualMedicineEntryView.swift */ = {isa = PBXFileReference; lastKnownFileType = sourcecode.swift; path = ManualMedicineEntryView.swift; sourceTree = "<group>"; };
		897B77F35B54F2EB1A1ED45C /* ChatBubbleView.swift */ = {isa = PBXFileReference; lastKnownFileType = sourcecode.swift; path = ChatBubbleView.swift; sourceTree = "<group>"; };
		8E526C92CE63E2D6ECD57EDE /* DateExtensions.swift */ = {isa = PBXFileReference; lastKnownFileType = sourcecode.swift; path = DateExtensions.swift; sourceTree = "<group>"; };
		90AFC1B614595991A4A0A37E /* SmartSchedulingService.swift */ = {isa = PBXFileReference; lastKnownFileType = sourcecode.swift; path = SmartSchedulingService.swift; sourceTree = "<group>"; };
		9172FED27F5FB8AA88CB887B /* Secrets.plist */ = {isa = PBXFileReference; lastKnownFileType = text.plist; path = Secrets.plist; sourceTree = "<group>"; };
		938D83A193BD3E835B3A2C7A /* MCBadge.swift */ = {isa = PBXFileReference; lastKnownFileType = sourcecode.swift; path = MCBadge.swift; sourceTree = "<group>"; };
		96A13E97377FB815714F7615 /* TimelineMilestoneCard.swift */ = {isa = PBXFileReference; lastKnownFileType = sourcecode.swift; path = TimelineMilestoneCard.swift; sourceTree = "<group>"; };
		995DF3C0A4C7EDB81C8259D6 /* InsightsCard.swift */ = {isa = PBXFileReference; lastKnownFileType = sourcecode.swift; path = InsightsCard.swift; sourceTree = "<group>"; };
		997F201D1F278640A7006269 /* ModelTests.swift */ = {isa = PBXFileReference; lastKnownFileType = sourcecode.swift; path = ModelTests.swift; sourceTree = "<group>"; };
		9FCBC5B5E214063962B8664F /* EmergencyAlertView.swift */ = {isa = PBXFileReference; lastKnownFileType = sourcecode.swift; path = EmergencyAlertView.swift; sourceTree = "<group>"; };
		A359D3EB292521F12D17B4EA /* GroqProvider.swift */ = {isa = PBXFileReference; lastKnownFileType = sourcecode.swift; path = GroqProvider.swift; sourceTree = "<group>"; };
		A9E063B71DD33DDA14099AFA /* ProfileManagementView.swift */ = {isa = PBXFileReference; lastKnownFileType = sourcecode.swift; path = ProfileManagementView.swift; sourceTree = "<group>"; };
		AA836C2DFF66A9A72C043D86 /* NotificationService.swift */ = {isa = PBXFileReference; lastKnownFileType = sourcecode.swift; path = NotificationService.swift; sourceTree = "<group>"; };
		B353E5360CE9EF2259BC5455 /* DoseReminderAttributes.swift */ = {isa = PBXFileReference; lastKnownFileType = sourcecode.swift; path = DoseReminderAttributes.swift; sourceTree = "<group>"; };
		B51D8F97D9C7342B90B4719D /* MCTypography.swift */ = {isa = PBXFileReference; lastKnownFileType = sourcecode.swift; path = MCTypography.swift; sourceTree = "<group>"; };
		BB4173F5BD62B9418CD1C077 /* WidgetDataService.swift */ = {isa = PBXFileReference; lastKnownFileType = sourcecode.swift; path = WidgetDataService.swift; sourceTree = "<group>"; };
		C03CEA0FE3E6EB18BF663D63 /* DrugInteractionService.swift */ = {isa = PBXFileReference; lastKnownFileType = sourcecode.swift; path = DrugInteractionService.swift; sourceTree = "<group>"; };
		C295CB0060698E0AEA624EDA /* MCCard.swift */ = {isa = PBXFileReference; lastKnownFileType = sourcecode.swift; path = MCCard.swift; sourceTree = "<group>"; };
		C420655CA9F0488A7FBDA2E0 /* MainTabView.swift */ = {isa = PBXFileReference; lastKnownFileType = sourcecode.swift; path = MainTabView.swift; sourceTree = "<group>"; };
		C55D1B1BB2C911A134BA63F8 /* MedCareTests.xctest */ = {isa = PBXFileReference; includeInIndex = 0; lastKnownFileType = wrapper.cfbundle; path = MedCareTests.xctest; sourceTree = BUILT_PRODUCTS_DIR; };
		C95C59E85454ED596CE80FCA /* MedCare.entitlements */ = {isa = PBXFileReference; lastKnownFileType = text.plist.entitlements; path = MedCare.entitlements; sourceTree = "<group>"; };
		CD7CD36F7B235949FF5EBA21 /* SymptomLogView.swift */ = {isa = PBXFileReference; lastKnownFileType = sourcecode.swift; path = SymptomLogView.swift; sourceTree = "<group>"; };
		D2C76F007E4B9C5B037D97C0 /* Episode.swift */ = {isa = PBXFileReference; lastKnownFileType = sourcecode.swift; path = Episode.swift; sourceTree = "<group>"; };
		D64022A94F4B5B1AB078F973 /* MCButton.swift */ = {isa = PBXFileReference; lastKnownFileType = sourcecode.swift; path = MCButton.swift; sourceTree = "<group>"; };
		DB40B55F8C65FAC91BE91335 /* TreatmentTimelineView.swift */ = {isa = PBXFileReference; lastKnownFileType = sourcecode.swift; path = TreatmentTimelineView.swift; sourceTree = "<group>"; };
		DEE02F86B61A1F8C8B17F7E1 /* CareTask.swift */ = {isa = PBXFileReference; lastKnownFileType = sourcecode.swift; path = CareTask.swift; sourceTree = "<group>"; };
		E71B1D931596710E77FA6FC1 /* SymptomLog.swift */ = {isa = PBXFileReference; lastKnownFileType = sourcecode.swift; path = SymptomLog.swift; sourceTree = "<group>"; };
		ED446B8156A2397EC61607C1 /* MedCare.app */ = {isa = PBXFileReference; explicitFileType = wrapper.application; includeInIndex = 0; path = MedCare.app; sourceTree = BUILT_PRODUCTS_DIR; };
		EEC06F56E11C5093059156A8 /* DocumentDetailView.swift */ = {isa = PBXFileReference; lastKnownFileType = sourcecode.swift; path = DocumentDetailView.swift; sourceTree = "<group>"; };
		F520431DDEA8AF8185D13977 /* Nudge.swift */ = {isa = PBXFileReference; lastKnownFileType = sourcecode.swift; path = Nudge.swift; sourceTree = "<group>"; };
		F64E9ECF7FC0DEAA7532C56B /* AIChatService.swift */ = {isa = PBXFileReference; lastKnownFileType = sourcecode.swift; path = AIChatService.swift; sourceTree = "<group>"; };
		F69407B9A796944B7E3224CD /* PositioningAgent.swift */ = {isa = PBXFileReference; lastKnownFileType = sourcecode.swift; path = PositioningAgent.swift; sourceTree = "<group>"; };
		F92DFC21E3490828822DB66E /* HomeView.swift */ = {isa = PBXFileReference; lastKnownFileType = sourcecode.swift; path = HomeView.swift; sourceTree = "<group>"; };
		FD6E1C1C90AB02B05D4B7CBF /* PositioningDashboard.swift */ = {isa = PBXFileReference; lastKnownFileType = sourcecode.swift; path = PositioningDashboard.swift; sourceTree = "<group>"; };
		93E888A61F4947FFAA322B67 /* AIMemoryService.swift */ = {isa = PBXFileReference; lastKnownFileType = sourcecode.swift; path = AIMemoryService.swift; sourceTree = "<group>"; };
		F40AEB7E67CD41B8831A6718 /* AchievementService.swift */ = {isa = PBXFileReference; lastKnownFileType = sourcecode.swift; path = AchievementService.swift; sourceTree = "<group>"; };
		A356F1FF63FD452D820B5222 /* ActivityRingView.swift */ = {isa = PBXFileReference; lastKnownFileType = sourcecode.swift; path = ActivityRingView.swift; sourceTree = "<group>"; };
		23D0D58A7D0A488CBDE42506 /* BentoGridView.swift */ = {isa = PBXFileReference; lastKnownFileType = sourcecode.swift; path = BentoGridView.swift; sourceTree = "<group>"; };
		3D388E6FA0C84AEE824D58D4 /* ChatHistoryView.swift */ = {isa = PBXFileReference; lastKnownFileType = sourcecode.swift; path = ChatHistoryView.swift; sourceTree = "<group>"; };
		DD8589FDDB1E498B87C685A1 /* ChatSession.swift */ = {isa = PBXFileReference; lastKnownFileType = sourcecode.swift; path = ChatSession.swift; sourceTree = "<group>"; };
		B89E78EC993345E4BB2F374B /* ConfettiView.swift */ = {isa = PBXFileReference; lastKnownFileType = sourcecode.swift; path = ConfettiView.swift; sourceTree = "<group>"; };
		E2217BDF3E4E40F68151008E /* ContextualTipsService.swift */ = {isa = PBXFileReference; lastKnownFileType = sourcecode.swift; path = ContextualTipsService.swift; sourceTree = "<group>"; };
		49325593A8774EFEA3912809 /* DoctorVisitPrepService.swift */ = {isa = PBXFileReference; lastKnownFileType = sourcecode.swift; path = DoctorVisitPrepService.swift; sourceTree = "<group>"; };
		7725853CF0254491BBD8E1EA /* DoctorVisitPrepView.swift */ = {isa = PBXFileReference; lastKnownFileType = sourcecode.swift; path = DoctorVisitPrepView.swift; sourceTree = "<group>"; };
		3C4D5E6F7A8B9C0D1E2F3A4B /* DoctorVisitPrepWrapper.swift */ = {isa = PBXFileReference; lastKnownFileType = sourcecode.swift; path = DoctorVisitPrepWrapper.swift; sourceTree = "<group>"; };
		88F01E29B1FC4597875A856E /* DoseCalendarView.swift */ = {isa = PBXFileReference; lastKnownFileType = sourcecode.swift; path = DoseCalendarView.swift; sourceTree = "<group>"; };
		074674E64A64452687C9D6FB /* DrugQAService.swift */ = {isa = PBXFileReference; lastKnownFileType = sourcecode.swift; path = DrugQAService.swift; sourceTree = "<group>"; };
		39937A2CE5DE4566BD7D3545 /* ElderModeService.swift */ = {isa = PBXFileReference; lastKnownFileType = sourcecode.swift; path = ElderModeService.swift; sourceTree = "<group>"; };
		D6CD6318814E48BDBB1B1899 /* ElderModeSettingsView.swift */ = {isa = PBXFileReference; lastKnownFileType = sourcecode.swift; path = ElderModeSettingsView.swift; sourceTree = "<group>"; };
		A1B2C3D4E5F6A7B8C9D0E1F2 /* NotificationSettingsView.swift */ = {isa = PBXFileReference; lastKnownFileType = sourcecode.swift; path = NotificationSettingsView.swift; sourceTree = "<group>"; };
		1A2B3C4D5E6F7A8B9C0D1E2F /* AboutMedCareView.swift */ = {isa = PBXFileReference; lastKnownFileType = sourcecode.swift; path = AboutMedCareView.swift; sourceTree = "<group>"; };
		C5D6E7F8A9B0C1D2E3F4A5B6 /* AchievementsView.swift */ = {isa = PBXFileReference; lastKnownFileType = sourcecode.swift; path = AchievementsView.swift; sourceTree = "<group>"; };
		B4C5D6E7F8A9B0C1D2E3F4A5 /* EditProfileView.swift */ = {isa = PBXFileReference; lastKnownFileType = sourcecode.swift; path = EditProfileView.swift; sourceTree = "<group>"; };
		DA25944B105945E08CC8EC25 /* HealthJournalService.swift */ = {isa = PBXFileReference; lastKnownFileType = sourcecode.swift; path = HealthJournalService.swift; sourceTree = "<group>"; };
		70C122DE3FAD431EBD5A5EAD /* HealthJournalView.swift */ = {isa = PBXFileReference; lastKnownFileType = sourcecode.swift; path = HealthJournalView.swift; sourceTree = "<group>"; };
		A8F33448251D4A358396B325 /* HealthKitService.swift */ = {isa = PBXFileReference; lastKnownFileType = sourcecode.swift; path = HealthKitService.swift; sourceTree = "<group>"; };
		3BD0ABACA46840F19270556D /* HealthKitSummaryCard.swift */ = {isa = PBXFileReference; lastKnownFileType = sourcecode.swift; path = HealthKitSummaryCard.swift; sourceTree = "<group>"; };
		0333C44829FA43D2BAB9F70C /* HealthReportService.swift */ = {isa = PBXFileReference; lastKnownFileType = sourcecode.swift; path = HealthReportService.swift; sourceTree = "<group>"; };
		9EF64BCD2E07420082AC0A54 /* HealthScoreService.swift */ = {isa = PBXFileReference; lastKnownFileType = sourcecode.swift; path = HealthScoreService.swift; sourceTree = "<group>"; };
		ED8855E6BA3946199A08CD34 /* HealthScoreView.swift */ = {isa = PBXFileReference; lastKnownFileType = sourcecode.swift; path = HealthScoreView.swift; sourceTree = "<group>"; };
		2EFF3C80137F45B0A53C53A9 /* IndianDrugDatabase.swift */ = {isa = PBXFileReference; lastKnownFileType = sourcecode.swift; path = IndianDrugDatabase.swift; sourceTree = "<group>"; };
		F2DFB5E2AF844857AA22B67C /* LocalizationService.swift */ = {isa = PBXFileReference; lastKnownFileType = sourcecode.swift; path = LocalizationService.swift; sourceTree = "<group>"; };
		3C53C515412F416D9CBC3F59 /* MCAnimations.swift */ = {isa = PBXFileReference; lastKnownFileType = sourcecode.swift; path = MCAnimations.swift; sourceTree = "<group>"; };
		52443C400F1E41DC8DC376AC /* MeshGradientBackground.swift */ = {isa = PBXFileReference; lastKnownFileType = sourcecode.swift; path = MeshGradientBackground.swift; sourceTree = "<group>"; };
		76BC0EA65BAA4FB1A7E90FEA /* MissedDoseGuidanceService.swift */ = {isa = PBXFileReference; lastKnownFileType = sourcecode.swift; path = MissedDoseGuidanceService.swift; sourceTree = "<group>"; };
		B120343C82EA49B1BFC1FE48 /* MoodCheckInCard.swift */ = {isa = PBXFileReference; lastKnownFileType = sourcecode.swift; path = MoodCheckInCard.swift; sourceTree = "<group>"; };
		5FB0A8918E07424A857EB218 /* MoodTrackingService.swift */ = {isa = PBXFileReference; lastKnownFileType = sourcecode.swift; path = MoodTrackingService.swift; sourceTree = "<group>"; };
		DDCC018CC97B4CCAABFE72A7 /* MorningBriefingCard.swift */ = {isa = PBXFileReference; lastKnownFileType = sourcecode.swift; path = MorningBriefingCard.swift; sourceTree = "<group>"; };
		50EFF0DA9FCD49799720553B /* MorningBriefingService.swift */ = {isa = PBXFileReference; lastKnownFileType = sourcecode.swift; path = MorningBriefingService.swift; sourceTree = "<group>"; };
		D2951BD7C79A41EABAC36D81 /* PredictiveInsightsService.swift */ = {isa = PBXFileReference; lastKnownFileType = sourcecode.swift; path = PredictiveInsightsService.swift; sourceTree = "<group>"; };
		CBF4348CC75746259D517D70 /* QuickAddMedicineView.swift */ = {isa = PBXFileReference; lastKnownFileType = sourcecode.swift; path = QuickAddMedicineView.swift; sourceTree = "<group>"; };
		35B36B7B124747F791BCCF83 /* RefillReminderService.swift */ = {isa = PBXFileReference; lastKnownFileType = sourcecode.swift; path = RefillReminderService.swift; sourceTree = "<group>"; };
		A526BFBFEAE9495F85D91664 /* ShareReportView.swift */ = {isa = PBXFileReference; lastKnownFileType = sourcecode.swift; path = ShareReportView.swift; sourceTree = "<group>"; };
		27C3D35806434791A1075388 /* SpeechService.swift */ = {isa = PBXFileReference; lastKnownFileType = sourcecode.swift; path = SpeechService.swift; sourceTree = "<group>"; };
		276F2EB541744812B664B43D /* StreakBadgeView.swift */ = {isa = PBXFileReference; lastKnownFileType = sourcecode.swift; path = StreakBadgeView.swift; sourceTree = "<group>"; };
		053EE16FD6D1465897814F03 /* SubscriptionService.swift */ = {isa = PBXFileReference; lastKnownFileType = sourcecode.swift; path = SubscriptionService.swift; sourceTree = "<group>"; };
		16C25821E6F24347ADAF4BB9 /* SwipeableMedicationCard.swift */ = {isa = PBXFileReference; lastKnownFileType = sourcecode.swift; path = SwipeableMedicationCard.swift; sourceTree = "<group>"; };
		15F08CA5A98C4DB9B09C3038 /* SymptomCorrelationService.swift */ = {isa = PBXFileReference; lastKnownFileType = sourcecode.swift; path = SymptomCorrelationService.swift; sourceTree = "<group>"; };
		C0D66994CCC54EDE98E19370 /* VoiceActionService.swift */ = {isa = PBXFileReference; lastKnownFileType = sourcecode.swift; path = VoiceActionService.swift; sourceTree = "<group>"; };
		84F7C015936A42F39AB18D41 /* VoiceInputButton.swift */ = {isa = PBXFileReference; lastKnownFileType = sourcecode.swift; path = VoiceInputButton.swift; sourceTree = "<group>"; };
		C13673C748A642938CF573F6 /* MedCareHomeWidget.swift */ = {isa = PBXFileReference; lastKnownFileType = sourcecode.swift; path = MedCareHomeWidget.swift; sourceTree = "<group>"; };
		8CA14EC632D64D4D827ADC1D /* Assets.xcassets */ = {isa = PBXFileReference; lastKnownFileType = folder.assetcatalog; path = Assets.xcassets; sourceTree = "<group>"; };
		0CF3CC7CF88F4BB49FA038CE /* SubscriptionView.swift */ = {isa = PBXFileReference; lastKnownFileType = sourcecode.swift; path = SubscriptionView.swift; sourceTree = "<group>"; };
		49C84307F28F404BA9300E18 /* SymptomClarifierService.swift */ = {isa = PBXFileReference; lastKnownFileType = sourcecode.swift; path = SymptomClarifierService.swift; sourceTree = "<group>"; };
/* End PBXFileReference section */

/* Begin PBXGroup section */
		05FC4AC02509E270276A2189 /* Views */ = {
			isa = PBXGroup;
			children = (
				88F01E29B1FC4597875A856E /* DoseCalendarView.swift */,
				70C122DE3FAD431EBD5A5EAD /* HealthJournalView.swift */,
				A526BFBFEAE9495F85D91664 /* ShareReportView.swift */,
				03062A9D3A3A338EFB504CA4 /* HistoryView.swift */,
			);
			path = Views;
			sourceTree = "<group>";
		};
		0B2588AC6546436670871757 /* Reminders */ = {
			isa = PBXGroup;
			children = (
				47783014CFD789F89C1816C0 /* ViewModels */,
				C7A01328FF6654E41F7A8A4A /* Views */,
			);
			path = Reminders;
			sourceTree = "<group>";
		};
		0BA9CFF8ADB5E6497E3F454D /* Products */ = {
			isa = PBXGroup;
			children = (
				ED446B8156A2397EC61607C1 /* MedCare.app */,
				C55D1B1BB2C911A134BA63F8 /* MedCareTests.xctest */,
				163A59A82C29E4B334D1EB7E /* MedCareWidgetExtension.appex */,
			);
			name = Products;
			sourceTree = "<group>";
		};
		0BAC5FD9955ECA536967D147 = {
			isa = PBXGroup;
			children = (
				9439F9A098668D96DB953ED8 /* MedCare */,
				54D676FCB4D9D7ED83EA0810 /* MedCareTests */,
				2512553ACAE54E9668BB546D /* MedCareWidgetExtension */,
				D756DB7DC51D8EEC9C8619DE /* Shared */,
				0BA9CFF8ADB5E6497E3F454D /* Products */,
			);
			sourceTree = "<group>";
		};
		12E85AE3864CFB06E9D2E2D1 /* Views */ = {
			isa = PBXGroup;
			children = (
				57DEAAF72E45AA035E131BC3 /* OTPVerificationView.swift */,
				0379F3DD718078F4ACACFF99 /* PhoneLoginView.swift */,
				3265BC1F24127DAF25A3CCE2 /* ProfileSetupView.swift */,
				860F8B6B6DBD9A25E6086A5B /* SplashScreen.swift */,
				2536DC08D5CF4FB8A071446C /* OnboardingView.swift */,
			);
			path = Views;
			sourceTree = "<group>";
		};
		148B7C9A40F063F8CC96597A /* Views */ = {
			isa = PBXGroup;
			children = (
				CBF4348CC75746259D517D70 /* QuickAddMedicineView.swift */,
				2201F29614A10E7DC1B16403 /* EpisodeDetailView.swift */,
				96A13E97377FB815714F7615 /* TimelineMilestoneCard.swift */,
				DB40B55F8C65FAC91BE91335 /* TreatmentTimelineView.swift */,
			);
			path = Views;
			sourceTree = "<group>";
		};
		156086EC86BB8F8976527C11 /* Profile */ = {
			isa = PBXGroup;
			children = (
				E8A9BF21F2E2E34D07A596C5 /* ViewModels */,
				67D6846F10AF15A733BF2F8B /* Views */,
			);
			path = Profile;
			sourceTree = "<group>";
		};
		1E1D37BD9EAAC98304CAC93B /* ViewModels */ = {
			isa = PBXGroup;
			children = (
			);
			path = ViewModels;
			sourceTree = "<group>";
		};
		24192932FE00D034DCD7CC24 /* Components */ = {
			isa = PBXGroup;
			children = (
				A356F1FF63FD452D820B5222 /* ActivityRingView.swift */,
				23D0D58A7D0A488CBDE42506 /* BentoGridView.swift */,
				B89E78EC993345E4BB2F374B /* ConfettiView.swift */,
				3BD0ABACA46840F19270556D /* HealthKitSummaryCard.swift */,
				ED8855E6BA3946199A08CD34 /* HealthScoreView.swift */,
				3C53C515412F416D9CBC3F59 /* MCAnimations.swift */,
				52443C400F1E41DC8DC376AC /* MeshGradientBackground.swift */,
				B120343C82EA49B1BFC1FE48 /* MoodCheckInCard.swift */,
				DDCC018CC97B4CCAABFE72A7 /* MorningBriefingCard.swift */,
				276F2EB541744812B664B43D /* StreakBadgeView.swift */,
				16C25821E6F24347ADAF4BB9 /* SwipeableMedicationCard.swift */,
				84F7C015936A42F39AB18D41 /* VoiceInputButton.swift */,
				938D83A193BD3E835B3A2C7A /* MCBadge.swift */,
				D64022A94F4B5B1AB078F973 /* MCButton.swift */,
				C295CB0060698E0AEA624EDA /* MCCard.swift */,
				9180C9A3ECDB451AB24CB12E /* DoseConfirmationOverlay.swift */,
				411572CD64A8B9EB2DC4A554 /* MCEmptyState.swift */,
				24188DD9C1575658D75D710E /* MCTextField.swift */,
			);
			path = Components;
			sourceTree = "<group>";
		};
		24B982F38165328DAE9727D4 /* LLM */ = {
			isa = PBXGroup;
			children = (
				A359D3EB292521F12D17B4EA /* GroqProvider.swift */,
				7EE761BB7517B16A0C7E7D8B /* LLMConfig.swift */,
				7FA48051E48FB906F1C7D942 /* LLMProvider.swift */,
				7470DFEC1F38EDB84E9DFF15 /* LLMService.swift */,
			);
			path = LLM;
			sourceTree = "<group>";
		};
		2512553ACAE54E9668BB546D /* MedCareWidgetExtension */ = {
			isa = PBXGroup;
			children = (
				C13673C748A642938CF573F6 /* MedCareHomeWidget.swift */,
				0C57BE048F0A112EB6DBF2ED /* DoseReminderLiveActivity.swift */,
				6DC96B0424A07F91BF5BF7ED /* Info.plist */,
				3F4DEDBEBAD4454E0CF7A83A /* MedCareWidgetExtension.entitlements */,
				3B219245D0700EF3B7879330 /* MedCareWidgetExtensionBundle.swift */,
			);
			path = MedCareWidgetExtension;
			sourceTree = "<group>";
		};
		2AB15FE2D5FB5530175AA392 /* Confirmation */ = {
			isa = PBXGroup;
			children = (
				3BEDC0F381E4F6E91793CFFA /* ViewModels */,
				9108FD45755E8F8C0211773F /* Views */,
			);
			path = Confirmation;
			sourceTree = "<group>";
		};
		3BEDC0F381E4F6E91793CFFA /* ViewModels */ = {
			isa = PBXGroup;
			children = (
			);
			path = ViewModels;
			sourceTree = "<group>";
		};
		3BF0F0FD20F63F28480D8874 /* ViewModels */ = {
			isa = PBXGroup;
			children = (
			);
			path = ViewModels;
			sourceTree = "<group>";
		};
		47783014CFD789F89C1816C0 /* ViewModels */ = {
			isa = PBXGroup;
			children = (
			);
			path = ViewModels;
			sourceTree = "<group>";
		};
		4F5D6B2E53428931BD33AADB /* Models */ = {
			isa = PBXGroup;
			children = (
				DD8589FDDB1E498B87C685A1 /* ChatSession.swift */,
				DEE02F86B61A1F8C8B17F7E1 /* CareTask.swift */,
				B2D3E4F5A6071839405B6C7D /* CustomReminder.swift */,
				3B698A28C46329BC1C47C012 /* ChatMessage.swift */,
				6AE7F931AD9D922B26A33144 /* DoseLog.swift */,
				D2C76F007E4B9C5B037D97C0 /* Episode.swift */,
				6A0E4A191EAA8E91F635F5C3 /* EpisodeImage.swift */,
				4D2418FBB225C8E13359A71F /* Medicine.swift */,
				F520431DDEA8AF8185D13977 /* Nudge.swift */,
				E71B1D931596710E77FA6FC1 /* SymptomLog.swift */,
				25C65F1BC213B42F1529A1BB /* User.swift */,
				79556B905F65E2B695E8851D /* UserProfile.swift */,
			);
			path = Models;
			sourceTree = "<group>";
		};
		54D676FCB4D9D7ED83EA0810 /* MedCareTests */ = {
			isa = PBXGroup;
			children = (
				997F201D1F278640A7006269 /* ModelTests.swift */,
				32C9F44F1AD84C570EE2007E /* ServiceTests.swift */,
			);
			path = MedCareTests;
			sourceTree = "<group>";
		};
		5C7C10D41A385C47EDDE0954 /* Core */ = {
			isa = PBXGroup;
			children = (
				24192932FE00D034DCD7CC24 /* Components */,
				85D01C81834F09A529AAF311 /* DesignSystem */,
				906EEDBCB770334EF52B97E4 /* Extensions */,
				8586F19A47B83B342583552E /* Navigation */,
			);
			path = Core;
			sourceTree = "<group>";
		};
		5D0C237D2EE86A624D948AA2 /* ViewModels */ = {
			isa = PBXGroup;
			children = (
			);
			path = ViewModels;
			sourceTree = "<group>";
		};
		67D6846F10AF15A733BF2F8B /* Views */ = {
			isa = PBXGroup;
			children = (
				1A2B3C4D5E6F7A8B9C0D1E2F /* AboutMedCareView.swift */,
				C5D6E7F8A9B0C1D2E3F4A5B6 /* AchievementsView.swift */,
				7725853CF0254491BBD8E1EA /* DoctorVisitPrepView.swift */,
				3C4D5E6F7A8B9C0D1E2F3A4B /* DoctorVisitPrepWrapper.swift */,
				B4C5D6E7F8A9B0C1D2E3F4A5 /* EditProfileView.swift */,
				D6CD6318814E48BDBB1B1899 /* ElderModeSettingsView.swift */,
				A1B2C3D4E5F6A7B8C9D0E1F2 /* NotificationSettingsView.swift */,
				A9E063B71DD33DDA14099AFA /* ProfileManagementView.swift */,
			);
			path = Views;
			sourceTree = "<group>";
		};
		7562635CA075A929897ED66E /* Episode */ = {
			isa = PBXGroup;
			children = (
				5D0C237D2EE86A624D948AA2 /* ViewModels */,
				148B7C9A40F063F8CC96597A /* Views */,
			);
			path = Episode;
			sourceTree = "<group>";
		};
		8586F19A47B83B342583552E /* Navigation */ = {
			isa = PBXGroup;
			children = (
				6906073674058FE0D69DF27A /* AppRouter.swift */,
			);
			path = Navigation;
			sourceTree = "<group>";
		};
		85D01C81834F09A529AAF311 /* DesignSystem */ = {
			isa = PBXGroup;
			children = (
				52401AE89BD8B0B9531877C5 /* MCColors.swift */,
				576FC7BD1D7B78B480BF1281 /* MCSpacing.swift */,
				B51D8F97D9C7342B90B4719D /* MCTypography.swift */,
			);
			path = DesignSystem;
			sourceTree = "<group>";
		};
		8719803171D20480AE49F5F2 /* Features */ = {
			isa = PBXGroup;
			children = (
				BBCD2DE4DFC50E31B34BD071 /* AIChat */,
				CBFF045E223B38644300558D /* Auth */,
				2AB15FE2D5FB5530175AA392 /* Confirmation */,
				7562635CA075A929897ED66E /* Episode */,
				A8C1BC300BCC588FC790DB1B /* Files */,
				ADC00408F5AC153F49A540BA /* History */,
				B8C70988B57A7F6E228089A6 /* Home */,
				156086EC86BB8F8976527C11 /* Profile */,
				0B2588AC6546436670871757 /* Reminders */,
				A6641FBCE7564F27A59EE476 /* Settings */,
				D4AB276A2640BD10ADC4D314 /* Symptoms */,
				BDBA3473A77F7A680E2CFE16 /* Upload */,
			);
			path = Features;
			sourceTree = "<group>";
		};
		906EEDBCB770334EF52B97E4 /* Extensions */ = {
			isa = PBXGroup;
			children = (
				8E526C92CE63E2D6ECD57EDE /* DateExtensions.swift */,
			);
			path = Extensions;
			sourceTree = "<group>";
		};
		9108FD45755E8F8C0211773F /* Views */ = {
			isa = PBXGroup;
			children = (
				2B5FB0A2DDF46C68E31AF399 /* ConfirmationView.swift */,
			);
			path = Views;
			sourceTree = "<group>";
		};
		9439F9A098668D96DB953ED8 /* MedCare */ = {
			isa = PBXGroup;
			children = (
				DC21E22424CEC12EDA15322A /* App */,
				5C7C10D41A385C47EDDE0954 /* Core */,
				8719803171D20480AE49F5F2 /* Features */,
				4F5D6B2E53428931BD33AADB /* Models */,
				AD294DE0D1D30AE1081E92ED /* Resources */,
				97553CF4336E2F753705B317 /* Services */,
			);
			path = MedCare;
			sourceTree = "<group>";
		};
		97553CF4336E2F753705B317 /* Services */ = {
			isa = PBXGroup;
			children = (
				93E888A61F4947FFAA322B67 /* AIMemoryService.swift */,
				F40AEB7E67CD41B8831A6718 /* AchievementService.swift */,
				E2217BDF3E4E40F68151008E /* ContextualTipsService.swift */,
				49325593A8774EFEA3912809 /* DoctorVisitPrepService.swift */,
				074674E64A64452687C9D6FB /* DrugQAService.swift */,
				39937A2CE5DE4566BD7D3545 /* ElderModeService.swift */,
				DA25944B105945E08CC8EC25 /* HealthJournalService.swift */,
				A8F33448251D4A358396B325 /* HealthKitService.swift */,
				0333C44829FA43D2BAB9F70C /* HealthReportService.swift */,
				9EF64BCD2E07420082AC0A54 /* HealthScoreService.swift */,
				2EFF3C80137F45B0A53C53A9 /* IndianDrugDatabase.swift */,
				F2DFB5E2AF844857AA22B67C /* LocalizationService.swift */,
				76BC0EA65BAA4FB1A7E90FEA /* MissedDoseGuidanceService.swift */,
				5FB0A8918E07424A857EB218 /* MoodTrackingService.swift */,
				50EFF0DA9FCD49799720553B /* MorningBriefingService.swift */,
				D2951BD7C79A41EABAC36D81 /* PredictiveInsightsService.swift */,
				35B36B7B124747F791BCCF83 /* RefillReminderService.swift */,
				27C3D35806434791A1075388 /* SpeechService.swift */,
				053EE16FD6D1465897814F03 /* SubscriptionService.swift */,
				15F08CA5A98C4DB9B09C3038 /* SymptomCorrelationService.swift */,
				C0D66994CCC54EDE98E19370 /* VoiceActionService.swift */,
				F64E9ECF7FC0DEAA7532C56B /* AIChatService.swift */,
				42FCFBEE1DC2039D02A2F074 /* AIExtractionService.swift */,
				0D7E5C7CF90F619CFEF0E720 /* AnalyticsService.swift */,
				4A96CB51A32C79ED676F5A46 /* APIService.swift */,
				84A95801BD8DE01FDE044462 /* AuthService.swift */,
				3E4F62CF8A1F26336018727C /* DataService.swift */,
				C03CEA0FE3E6EB18BF663D63 /* DrugInteractionService.swift */,
				70D482084E01B5DE6454D027 /* LiveActivityService.swift */,
				633C2709516F10BE915A3B1A /* MedicineExpiryService.swift */,
				AA836C2DFF66A9A72C043D86 /* NotificationService.swift */,
				60018BEAD55013A6A192AE15 /* OfflineSyncService.swift */,
				A1B2C3D4E5F60718A9B0C1D3 /* NetworkMonitor.swift */,
				2E93F8220F2CE84FE9F98E81 /* PharmaDataNetwork.swift */,
				F69407B9A796944B7E3224CD /* PositioningAgent.swift */,
				7D79279702C1D31D3A41ECD7 /* RegionalLanguageAI.swift */,
				5D30839DD4F1F2AABA827930 /* SmartNudgeService.swift */,
				90AFC1B614595991A4A0A37E /* SmartSchedulingService.swift */,
				49C84307F28F404BA9300E18 /* SymptomClarifierService.swift */,
				BB4173F5BD62B9418CD1C077 /* WidgetDataService.swift */,
				24B982F38165328DAE9727D4 /* LLM */,
			);
			path = Services;
			sourceTree = "<group>";
		};
		A8C1BC300BCC588FC790DB1B /* Files */ = {
			isa = PBXGroup;
			children = (
				CA999C2BED34EB51C2D6142B /* Views */,
			);
			path = Files;
			sourceTree = "<group>";
		};
		AD294DE0D1D30AE1081E92ED /* Resources */ = {
			isa = PBXGroup;
			children = (
				8CA14EC632D64D4D827ADC1D /* Assets.xcassets */,
				C95C59E85454ED596CE80FCA /* MedCare.entitlements */,
				9172FED27F5FB8AA88CB887B /* Secrets.plist */,
			);
			path = Resources;
			sourceTree = "<group>";
		};
		ADC00408F5AC153F49A540BA /* History */ = {
			isa = PBXGroup;
			children = (
				1E1D37BD9EAAC98304CAC93B /* ViewModels */,
				05FC4AC02509E270276A2189 /* Views */,
			);
			path = History;
			sourceTree = "<group>";
		};
		AFD5B35F9994A637EC6FC6F8 /* ViewModels */ = {
			isa = PBXGroup;
			children = (
			);
			path = ViewModels;
			sourceTree = "<group>";
		};
		B8C70988B57A7F6E228089A6 /* Home */ = {
			isa = PBXGroup;
			children = (
				AFD5B35F9994A637EC6FC6F8 /* ViewModels */,
				DD937E1BA27B196069217079 /* Views */,
			);
			path = Home;
			sourceTree = "<group>";
		};
		BBCD2DE4DFC50E31B34BD071 /* AIChat */ = {
			isa = PBXGroup;
			children = (
				D5B070DF929C4D7C304CC497 /* Views */,
			);
			path = AIChat;
			sourceTree = "<group>";
		};
		BDBA3473A77F7A680E2CFE16 /* Upload */ = {
			isa = PBXGroup;
			children = (
				CD90697225790B8E718FEC00 /* ViewModels */,
				E9643C86F6108C3B412B2EC7 /* Views */,
			);
			path = Upload;
			sourceTree = "<group>";
		};
		C48BC6687155CC7A157F56BB /* ViewModels */ = {
			isa = PBXGroup;
			children = (
			);
			path = ViewModels;
			sourceTree = "<group>";
		};
		C7A01328FF6654E41F7A8A4A /* Views */ = {
			isa = PBXGroup;
			children = (
				D4E5F6A7B8092051627C8D9E /* AddReminderView.swift */,
				35476A8040C8ADA50698F85F /* RemindersView.swift */,
			);
			path = Views;
			sourceTree = "<group>";
		};
		CA999C2BED34EB51C2D6142B /* Views */ = {
			isa = PBXGroup;
			children = (
				2105B5488586FB05EE78836A /* AddDocumentView.swift */,
				EEC06F56E11C5093059156A8 /* DocumentDetailView.swift */,
				3C81A826372397B5FA1EC28A /* DocumentThumbnailCard.swift */,
				065DE45299423273167DDCFF /* EpisodeFilesTabView.swift */,
				33B93A5950B339B58BA65880 /* ProfileFilesView.swift */,
			);
			path = Views;
			sourceTree = "<group>";
		};
		CBFF045E223B38644300558D /* Auth */ = {
			isa = PBXGroup;
			children = (
				3BF0F0FD20F63F28480D8874 /* ViewModels */,
				12E85AE3864CFB06E9D2E2D1 /* Views */,
			);
			path = Auth;
			sourceTree = "<group>";
		};
		CD90697225790B8E718FEC00 /* ViewModels */ = {
			isa = PBXGroup;
			children = (
			);
			path = ViewModels;
			sourceTree = "<group>";
		};
		D4AB276A2640BD10ADC4D314 /* Symptoms */ = {
			isa = PBXGroup;
			children = (
				C48BC6687155CC7A157F56BB /* ViewModels */,
				E844014343EEE71F33C4ED12 /* Views */,
			);
			path = Symptoms;
			sourceTree = "<group>";
		};
		D5B070DF929C4D7C304CC497 /* Views */ = {
			isa = PBXGroup;
			children = (
				3D388E6FA0C84AEE824D58D4 /* ChatHistoryView.swift */,
				2B26F8797DF6B90CD0C8BCDC /* AIChatView.swift */,
				897B77F35B54F2EB1A1ED45C /* ChatBubbleView.swift */,
				9FCBC5B5E214063962B8664F /* EmergencyAlertView.swift */,
			);
			path = Views;
			sourceTree = "<group>";
		};
		D756DB7DC51D8EEC9C8619DE /* Shared */ = {
			isa = PBXGroup;
			children = (
				B353E5360CE9EF2259BC5455 /* DoseReminderAttributes.swift */,
			);
			path = Shared;
			sourceTree = "<group>";
		};
		DC21E22424CEC12EDA15322A /* App */ = {
			isa = PBXGroup;
			children = (
				55D6E8DA5684D36611202A1C /* MedCareApp.swift */,
				D4E5F6071819A1B2C3D42A3B /* NotificationDelegate.swift */,
				78C3338F7481E534A0E9E630 /* RootView.swift */,
			);
			path = App;
			sourceTree = "<group>";
		};
		DD937E1BA27B196069217079 /* Views */ = {
			isa = PBXGroup;
			children = (
				F92DFC21E3490828822DB66E /* HomeView.swift */,
				0C76CC51ADE9415693A894E4 /* TodayView.swift */,
				995DF3C0A4C7EDB81C8259D6 /* InsightsCard.swift */,
				C420655CA9F0488A7FBDA2E0 /* MainTabView.swift */,
				0F9D217B6086C05614935191 /* NudgeBannerView.swift */,
				FD6E1C1C90AB02B05D4B7CBF /* PositioningDashboard.swift */,
			);
			path = Views;
			sourceTree = "<group>";
		};
		E844014343EEE71F33C4ED12 /* Views */ = {
			isa = PBXGroup;
			children = (
				CD7CD36F7B235949FF5EBA21 /* SymptomLogView.swift */,
			);
			path = Views;
			sourceTree = "<group>";
		};
		E8A9BF21F2E2E34D07A596C5 /* ViewModels */ = {
			isa = PBXGroup;
			children = (
			);
			path = ViewModels;
			sourceTree = "<group>";
		};
		E9643C86F6108C3B412B2EC7 /* Views */ = {
			isa = PBXGroup;
			children = (
				D4E5F6A7B8C9012345678901 /* ManualMedicineEntryView.swift */,
				86568600EF51B56B9BC7A498 /* UploadPrescriptionView.swift */,
			);
			path = Views;
			sourceTree = "<group>";
		};
		A6641FBCE7564F27A59EE476 /* Settings */ = {
			isa = PBXGroup;
			children = (
				0CF3CC7CF88F4BB49FA038CE /* SubscriptionView.swift */,
			);
			path = Settings;
			sourceTree = "<group>";
		};
/* End PBXGroup section */

/* Begin PBXNativeTarget section */
		146C724ADAD4D7B0040AE367 /* MedCare */ = {
			isa = PBXNativeTarget;
			buildConfigurationList = 97B68DE0BE01191443A6C352 /* Build configuration list for PBXNativeTarget "MedCare" */;
			buildPhases = (
				DD22844A38EDC8C512A679DF /* Sources */,
				975A1D6ABF6C13936BCCC31F /* Resources */,
				27335DDDAAF571A68484B7B7 /* Embed Foundation Extensions */,
			);
			buildRules = (
			);
			dependencies = (
				581C5E866AF030DB22DF5FEA /* PBXTargetDependency */,
			);
			name = MedCare;
			packageProductDependencies = (
			);
			productName = MedCare;
			productReference = ED446B8156A2397EC61607C1 /* MedCare.app */;
			productType = "com.apple.product-type.application";
		};
		76E785FF16E17F769BFD2ABC /* MedCareTests */ = {
			isa = PBXNativeTarget;
			buildConfigurationList = 596D34F62C8C255DB3CEBACC /* Build configuration list for PBXNativeTarget "MedCareTests" */;
			buildPhases = (
				6D5E5C1C44774AC817927C86 /* Sources */,
			);
			buildRules = (
			);
			dependencies = (
				60318BB488CC6BDFA17E97DC /* PBXTargetDependency */,
			);
			name = MedCareTests;
			packageProductDependencies = (
			);
			productName = MedCareTests;
			productReference = C55D1B1BB2C911A134BA63F8 /* MedCareTests.xctest */;
			productType = "com.apple.product-type.bundle.unit-test";
		};
		A9C1A74D135C95F7225C9EB6 /* MedCareWidgetExtension */ = {
			isa = PBXNativeTarget;
			buildConfigurationList = 1A9520F40FD2291B062CFF7B /* Build configuration list for PBXNativeTarget "MedCareWidgetExtension" */;
			buildPhases = (
				5A5120E8A7C3B8E8F1CD47C8 /* Sources */,
			);
			buildRules = (
			);
			dependencies = (
			);
			name = MedCareWidgetExtension;
			packageProductDependencies = (
			);
			productName = MedCareWidgetExtension;
			productReference = 163A59A82C29E4B334D1EB7E /* MedCareWidgetExtension.appex */;
			productType = "com.apple.product-type.app-extension";
		};
/* End PBXNativeTarget section */

/* Begin PBXProject section */
		C6C2D7953305CEE1BC03F0D5 /* Project object */ = {
			isa = PBXProject;
			attributes = {
				BuildIndependentTargetsInParallel = YES;
				LastUpgradeCheck = 1500;
				TargetAttributes = {
					146C724ADAD4D7B0040AE367 = {
						ProvisioningStyle = Automatic;
					};
					76E785FF16E17F769BFD2ABC = {
						DevelopmentTeam = "";
						ProvisioningStyle = Automatic;
					};
					A9C1A74D135C95F7225C9EB6 = {
						ProvisioningStyle = Automatic;
					};
				};
			};
			buildConfigurationList = 1C128B84AFBEA4350FB87DB3 /* Build configuration list for PBXProject "MedCare" */;
			developmentRegion = en;
			hasScannedForEncodings = 0;
			knownRegions = (
				Base,
				en,
			);
			mainGroup = 0BAC5FD9955ECA536967D147;
			minimizedProjectReferenceProxies = 1;
			preferredProjectObjectVersion = 77;
			productRefGroup = 0BA9CFF8ADB5E6497E3F454D /* Products */;
			projectDirPath = "";
			projectRoot = "";
			targets = (
				146C724ADAD4D7B0040AE367 /* MedCare */,
				76E785FF16E17F769BFD2ABC /* MedCareTests */,
				A9C1A74D135C95F7225C9EB6 /* MedCareWidgetExtension */,
			);
		};
/* End PBXProject section */

/* Begin PBXResourcesBuildPhase section */
		975A1D6ABF6C13936BCCC31F /* Resources */ = {
			isa = PBXResourcesBuildPhase;
			buildActionMask = 2147483647;
			files = (
				4DA9A1A021BF4A40A5A8BA30 /* Assets.xcassets in Resources */,
				71A1CBD1D3C8439C4BA5EFC4 /* Secrets.plist in Resources */,
			);
			runOnlyForDeploymentPostprocessing = 0;
		};
/* End PBXResourcesBuildPhase section */

/* Begin PBXSourcesBuildPhase section */
		5A5120E8A7C3B8E8F1CD47C8 /* Sources */ = {
			isa = PBXSourcesBuildPhase;
			buildActionMask = 2147483647;
			files = (
				AD589B892F4946FB81C1C527 /* MedCareHomeWidget.swift in Sources */,
				A6F87369EA06B8C4387C45DA /* DoseReminderAttributes.swift in Sources */,
				76AB35F3AF89B0E5141F269B /* DoseReminderLiveActivity.swift in Sources */,
				0F9CC31DE8FF535B998D6C7E /* MedCareWidgetExtensionBundle.swift in Sources */,
			);
			runOnlyForDeploymentPostprocessing = 0;
		};
		6D5E5C1C44774AC817927C86 /* Sources */ = {
			isa = PBXSourcesBuildPhase;
			buildActionMask = 2147483647;
			files = (
				5833EB0BAAD399C81137702E /* ModelTests.swift in Sources */,
				04E1B07FD7BCCC0178F442E4 /* ServiceTests.swift in Sources */,
			);
			runOnlyForDeploymentPostprocessing = 0;
		};
		DD22844A38EDC8C512A679DF /* Sources */ = {
			isa = PBXSourcesBuildPhase;
			buildActionMask = 2147483647;
			files = (
				0A4389EDB00345E5989D8D75 /* SymptomClarifierService.swift in Sources */,
				8BB78500E1B645F8A43AE237 /* SubscriptionView.swift in Sources */,
				B096D8F8F34346EDB713EC6A /* AIMemoryService.swift in Sources */,
				3D2DFC2AE8A2427B860E1E41 /* AchievementService.swift in Sources */,
				5CB4C9628AD14EACA1C034C3 /* ActivityRingView.swift in Sources */,
				08CD3C58882E433E8CF4684A /* BentoGridView.swift in Sources */,
				7953CA62FB9543A692397AA3 /* ChatHistoryView.swift in Sources */,
				29A65160EEDF49C39BBDA1BE /* ChatSession.swift in Sources */,
				080F41568539494FABC53FF7 /* ConfettiView.swift in Sources */,
				B6913B874F8A4FCF90DEFEF1 /* ContextualTipsService.swift in Sources */,
				1B69B955742447038206E5D4 /* DoctorVisitPrepService.swift in Sources */,
				878AC36459AE4CAA95392C12 /* DoctorVisitPrepView.swift in Sources */,
				B4A3F2E1D0C9B8A7F6E5D4C3 /* DoctorVisitPrepWrapper.swift in Sources */,
				2D3927A6BC3B411997D613B7 /* DoseCalendarView.swift in Sources */,
				AE922B2788484B87BB7BA0F1 /* DrugQAService.swift in Sources */,
				A8802DD987DE4C17944CC4CB /* ElderModeService.swift in Sources */,
				12C655A809E443739438276A /* ElderModeSettingsView.swift in Sources */,
				F2E1D0C9B8A7F6E5D4C3B2A1 /* NotificationSettingsView.swift in Sources */,
				F2E1D0C9A8B7C6D5E4F3A2B1 /* AboutMedCareView.swift in Sources */,
				A7B8C9D0E1F2A3B4C5D6E7F8 /* AchievementsView.swift in Sources */,
				E3F2A1B0C9D8E7F6A5B4C3D2 /* EditProfileView.swift in Sources */,
				8CD7F9D01DEC4CEBA28B6D44 /* HealthJournalService.swift in Sources */,
				276DD3B14C5A48AEB1DDA797 /* HealthJournalView.swift in Sources */,
				FC0BBD291EE64A4B8ED9984B /* HealthKitService.swift in Sources */,
				1A2CD993D72546C8A945EEF8 /* HealthKitSummaryCard.swift in Sources */,
				964893BB26DF4EE9B05B6613 /* HealthReportService.swift in Sources */,
				7D4BE13860194D8B99028E53 /* HealthScoreService.swift in Sources */,
				D0CA024A8F6145A298D8B7B3 /* HealthScoreView.swift in Sources */,
				D9BCE59906E6441CA99E14D4 /* IndianDrugDatabase.swift in Sources */,
				BBC40E1EDFD44515A163B177 /* LocalizationService.swift in Sources */,
				4D0D0618654846BDBD7B982C /* MCAnimations.swift in Sources */,
				FA331C090B09456BA21E4DB8 /* MeshGradientBackground.swift in Sources */,
				0905BBB0CFEB452FB5EC90E9 /* MissedDoseGuidanceService.swift in Sources */,
				10EB4FDFAC964F2B9F20302F /* MoodCheckInCard.swift in Sources */,
				0DF0BFFE7AA64EEE8239E7F9 /* MoodTrackingService.swift in Sources */,
				EF0CBC66007945D4930CF0FE /* MorningBriefingCard.swift in Sources */,
				117EA325F8B343649A1F30D5 /* MorningBriefingService.swift in Sources */,
				51A002B3EDAF420D9349B704 /* PredictiveInsightsService.swift in Sources */,
				73E6A6A2C7914313B1506B8F /* QuickAddMedicineView.swift in Sources */,
				1201AD2440944CB498F1E0A6 /* RefillReminderService.swift in Sources */,
				7F1C22977D11493BA0EA7E5F /* ShareReportView.swift in Sources */,
				72F3423B0A1D4307BE9EA37F /* SpeechService.swift in Sources */,
				57935971C4864425985BC329 /* StreakBadgeView.swift in Sources */,
				B52936E3A27C432491E2E79A /* SubscriptionService.swift in Sources */,
				812F909CD9FD42D58D9EEB34 /* SwipeableMedicationCard.swift in Sources */,
				9FB7ECD81EB247F88C832952 /* SymptomCorrelationService.swift in Sources */,
				86F22F24A14B418C88F3C061 /* VoiceActionService.swift in Sources */,
				7C21EB2C092B4197A0DCD27D /* VoiceInputButton.swift in Sources */,
				9A109EDE3466BF4734C3B4AE /* AIChatService.swift in Sources */,
				3FB78B10851B5B0130CA279C /* AIChatView.swift in Sources */,
				5173EF06A9B15F9859D8A2FD /* AIExtractionService.swift in Sources */,
				2A60E73274BC181413CEAC92 /* APIService.swift in Sources */,
				1B0BB8122C389759DF8BEC93 /* AddDocumentView.swift in Sources */,
				3E95BF917069FB2411B6E71E /* AnalyticsService.swift in Sources */,
				017403B7AA83947B1AEE00F5 /* AppRouter.swift in Sources */,
				BDBB2D80E1330A794ED7EBC7 /* AuthService.swift in Sources */,
				1CF5F1BE247888D98EA20352 /* CareTask.swift in Sources */,
				56DFAEF866924B1B5E3307BF /* ChatBubbleView.swift in Sources */,
				F536AE445276F4C36D423EE7 /* ChatMessage.swift in Sources */,
				5B56FDD1A975D4E170D42AF1 /* ConfirmationView.swift in Sources */,
				CD60EB529714056EBC3E5718 /* DataService.swift in Sources */,
				2DEB7905E5BDF5A7B1ED3296 /* DateExtensions.swift in Sources */,
				B2B85E6CD6D6BD9CCE26BF23 /* DocumentDetailView.swift in Sources */,
				6D3DE88EDBDAB6CFB740741C /* DocumentThumbnailCard.swift in Sources */,
				31C240D9077F5DE7B1139C4E /* DoseLog.swift in Sources */,
				F2054610DAA2A058ED75F640 /* DoseReminderAttributes.swift in Sources */,
				81A82C6E69EA1DF20AD3CD1E /* DrugInteractionService.swift in Sources */,
				024BD1115CCC6756FA9CD5D4 /* EmergencyAlertView.swift in Sources */,
				220C414DB770659C2066F781 /* Episode.swift in Sources */,
				0F1B2F42C24B308008B8CFBA /* EpisodeDetailView.swift in Sources */,
				2F090D7D62A663CC72740E2E /* EpisodeFilesTabView.swift in Sources */,
				B77504FB6B266902AB381E8C /* EpisodeImage.swift in Sources */,
				D07833DBD11D1714966D57AA /* GroqProvider.swift in Sources */,
				1CDC829225789D2A5CC7867C /* HistoryView.swift in Sources */,
				B425D57678259B97C79400BB /* HomeView.swift in Sources */,
				FD66D0C416BAC9AED2F89CEA /* InsightsCard.swift in Sources */,
				23A6CB0B462D0C98400196C6 /* LLMConfig.swift in Sources */,
				B277F80B62F868C2BEF9981F /* LLMProvider.swift in Sources */,
				D1384A0FEA87A0E916BEFB00 /* LLMService.swift in Sources */,
				1A74C18C2735C18A1E343205 /* LiveActivityService.swift in Sources */,
				256E74459ADC4FD2DB375F34 /* MCBadge.swift in Sources */,
				716890B029DDA1F2FAF7304D /* MCButton.swift in Sources */,
				597534C0FAF027EEE5E8AF5C /* MCCard.swift in Sources */,
				BBF86CB40A4F0AD97C5EDE25 /* MCColors.swift in Sources */,
				DC3DFD2FB96E57212798BA44 /* MCEmptyState.swift in Sources */,
				8DA8DCE408B3307667A9AD3C /* MCSpacing.swift in Sources */,
				18C052C43EA393FDBB014CF4 /* MCTextField.swift in Sources */,
				90F695E209A43FBBD687FE18 /* MCTypography.swift in Sources */,
				0D0208326DFEF12FA4665050 /* MainTabView.swift in Sources */,
				64BFF763558E2EB0541EE15C /* MedCareApp.swift in Sources */,
				72C1D35D5C0D3F994CA714CF /* Medicine.swift in Sources */,
				90023330D787F7370A0B44DB /* MedicineExpiryService.swift in Sources */,
				7E3C86251DD0425A826B7955 /* NotificationService.swift in Sources */,
				DB98810E3BB766F63ACC1458 /* Nudge.swift in Sources */,
				0A5949306663590A3AF06B8A /* NudgeBannerView.swift in Sources */,
				D0A8563821883C638779A338 /* OTPVerificationView.swift in Sources */,
				5B0B59C5A07EE32F74273944 /* OfflineSyncService.swift in Sources */,
				A1B2C3D4E5F60718A9B0C1D2 /* NetworkMonitor.swift in Sources */,
				1B532D45AA30032F9E4751C3 /* PharmaDataNetwork.swift in Sources */,
				FD07D322B85EE5BC559CEED7 /* PhoneLoginView.swift in Sources */,
				B77DD01D18B35079D4C61479 /* PositioningAgent.swift in Sources */,
				4F86E6BF940A2B594293429D /* PositioningDashboard.swift in Sources */,
				879CDE88C07F657E8AD91BC4 /* ProfileFilesView.swift in Sources */,
				75B63D2A3872939DA8F9CC43 /* ProfileManagementView.swift in Sources */,
				6BE91295AA48143C49A7E7C6 /* ProfileSetupView.swift in Sources */,
				74A31AE94E4C6EE9665014F3 /* RegionalLanguageAI.swift in Sources */,
				A1C2D3E4F5061728394A5B6C /* CustomReminder.swift in Sources */,
				C3D4E5F6A7081940516B7C8D /* AddReminderView.swift in Sources */,
				784F06FE297EB66CE9BFA16D /* RemindersView.swift in Sources */,
				A1B2C3D4E5F60718192A3B4C /* NotificationDelegate.swift in Sources */,
				333367B4E1CD3B984AF11DF8 /* RootView.swift in Sources */,
				F9F027603A01FAA18C507B26 /* SmartNudgeService.swift in Sources */,
				187920574B8E4878CA098E62 /* SmartSchedulingService.swift in Sources */,
				7700FDEC68EBADD3A54D67DE /* SplashScreen.swift in Sources */,
				03EE3506AC802D1127D389B5 /* SymptomLog.swift in Sources */,
				6D71BF6E41236D843D811B93 /* SymptomLogView.swift in Sources */,
				152CBFFC8AA93A4855D39A73 /* TimelineMilestoneCard.swift in Sources */,
				E1E6B9663DC3E0F3AC5D5B3B /* TreatmentTimelineView.swift in Sources */,
				A3F1D2E4B5C6789012345678 /* ManualMedicineEntryView.swift in Sources */,
				5B521F097D25ECBD4E1356E5 /* UploadPrescriptionView.swift in Sources */,
				5F37C9FE011BF3B334C9D726 /* User.swift in Sources */,
				3206E2DBE71F25EEC8CE9501 /* UserProfile.swift in Sources */,
				DBDDAF884139C56ED5F0F2A8 /* WidgetDataService.swift in Sources */,
				07DEBBC82548421DA4F39E36 /* TodayView.swift in Sources */,
				862C432FB7294BE08ED90106 /* OnboardingView.swift in Sources */,
				CC92D8BF9F584F05B842D5DC /* DoseConfirmationOverlay.swift in Sources */,
			);
			runOnlyForDeploymentPostprocessing = 0;
		};
/* End PBXSourcesBuildPhase section */

/* Begin PBXTargetDependency section */
		581C5E866AF030DB22DF5FEA /* PBXTargetDependency */ = {
			isa = PBXTargetDependency;
			target = A9C1A74D135C95F7225C9EB6 /* MedCareWidgetExtension */;
			targetProxy = C286F874764C7886C1D61222 /* PBXContainerItemProxy */;
		};
		60318BB488CC6BDFA17E97DC /* PBXTargetDependency */ = {
			isa = PBXTargetDependency;
			target = 146C724ADAD4D7B0040AE367 /* MedCare */;
			targetProxy = 8ECB97120BEE911902235864 /* PBXContainerItemProxy */;
		};
/* End PBXTargetDependency section */

/* Begin XCBuildConfiguration section */
		1AE83CB96E9E756F0419E1D8 /* Debug */ = {
			isa = XCBuildConfiguration;
			buildSettings = {
				CODE_SIGN_ENTITLEMENTS = MedCareWidgetExtension/MedCareWidgetExtension.entitlements;
				CODE_SIGN_STYLE = Automatic;
				DEVELOPMENT_TEAM = 5BM98X64RR;
				INFOPLIST_FILE = MedCareWidgetExtension/Info.plist;
				IPHONEOS_DEPLOYMENT_TARGET = 17.0;
				LD_RUNPATH_SEARCH_PATHS = (
					"$(inherited)",
					"@executable_path/Frameworks",
					"@executable_path/../../Frameworks",
				);
				PRODUCT_BUNDLE_IDENTIFIER = com.medcare.app.widgets;
				SDKROOT = iphoneos;
				SKIP_INSTALL = YES;
				TARGETED_DEVICE_FAMILY = "1,2";
			};
			name = Debug;
		};
		5AC9F3A85AFA3EBF1E041C79 /* Debug */ = {
			isa = XCBuildConfiguration;
			buildSettings = {
				ALWAYS_SEARCH_USER_PATHS = NO;
				CLANG_ANALYZER_NONNULL = YES;
				CLANG_ANALYZER_NUMBER_OBJECT_CONVERSION = YES_AGGRESSIVE;
				CLANG_CXX_LANGUAGE_STANDARD = "gnu++14";
				CLANG_CXX_LIBRARY = "libc++";
				CLANG_ENABLE_MODULES = YES;
				CLANG_ENABLE_OBJC_ARC = YES;
				CLANG_ENABLE_OBJC_WEAK = YES;
				CLANG_WARN_BLOCK_CAPTURE_AUTORELEASING = YES;
				CLANG_WARN_BOOL_CONVERSION = YES;
				CLANG_WARN_COMMA = YES;
				CLANG_WARN_CONSTANT_CONVERSION = YES;
				CLANG_WARN_DEPRECATED_OBJC_IMPLEMENTATIONS = YES;
				CLANG_WARN_DIRECT_OBJC_ISA_USAGE = YES_ERROR;
				CLANG_WARN_DOCUMENTATION_COMMENTS = YES;
				CLANG_WARN_EMPTY_BODY = YES;
				CLANG_WARN_ENUM_CONVERSION = YES;
				CLANG_WARN_INFINITE_RECURSION = YES;
				CLANG_WARN_INT_CONVERSION = YES;
				CLANG_WARN_NON_LITERAL_NULL_CONVERSION = YES;
				CLANG_WARN_OBJC_IMPLICIT_RETAIN_SELF = YES;
				CLANG_WARN_OBJC_LITERAL_CONVERSION = YES;
				CLANG_WARN_OBJC_ROOT_CLASS = YES_ERROR;
				CLANG_WARN_QUOTED_INCLUDE_IN_FRAMEWORK_HEADER = YES;
				CLANG_WARN_RANGE_LOOP_ANALYSIS = YES;
				CLANG_WARN_STRICT_PROTOTYPES = YES;
				CLANG_WARN_SUSPICIOUS_MOVE = YES;
				CLANG_WARN_UNGUARDED_AVAILABILITY = YES_AGGRESSIVE;
				CLANG_WARN_UNREACHABLE_CODE = YES;
				CLANG_WARN__DUPLICATE_METHOD_MATCH = YES;
				CODE_SIGN_STYLE = Automatic;
				COPY_PHASE_STRIP = NO;
				CURRENT_PROJECT_VERSION = 1;
				DEBUG_INFORMATION_FORMAT = dwarf;
				DEVELOPMENT_TEAM = "";
				ENABLE_STRICT_OBJC_MSGSEND = YES;
				ENABLE_TESTABILITY = YES;
				GCC_C_LANGUAGE_STANDARD = gnu11;
				GCC_DYNAMIC_NO_PIC = NO;
				GCC_NO_COMMON_BLOCKS = YES;
				GCC_OPTIMIZATION_LEVEL = 0;
				GCC_PREPROCESSOR_DEFINITIONS = (
					"$(inherited)",
					"DEBUG=1",
				);
				GCC_WARN_64_TO_32_BIT_CONVERSION = YES;
				GCC_WARN_ABOUT_RETURN_TYPE = YES_ERROR;
				GCC_WARN_UNDECLARED_SELECTOR = YES;
				GCC_WARN_UNINITIALIZED_AUTOS = YES_AGGRESSIVE;
				GCC_WARN_UNUSED_FUNCTION = YES;
				GCC_WARN_UNUSED_VARIABLE = YES;
				INFOPLIST_FILE = MedCare/Resources/Info.plist;
				IPHONEOS_DEPLOYMENT_TARGET = 17.0;
				MARKETING_VERSION = 1.0.0;
				MTL_ENABLE_DEBUG_INFO = INCLUDE_SOURCE;
				MTL_FAST_MATH = YES;
				ONLY_ACTIVE_ARCH = YES;
				PRODUCT_NAME = "$(TARGET_NAME)";
				SDKROOT = iphoneos;
				SWIFT_ACTIVE_COMPILATION_CONDITIONS = DEBUG;
				SWIFT_OPTIMIZATION_LEVEL = "-Onone";
				SWIFT_STRICT_CONCURRENCY = minimal;
				SWIFT_VERSION = 5;
			};
			name = Debug;
		};
		60A03ABB933C647511866A4B /* Release */ = {
			isa = XCBuildConfiguration;
			buildSettings = {
				BUNDLE_LOADER = "$(TEST_HOST)";
				IPHONEOS_DEPLOYMENT_TARGET = 17.0;
				LD_RUNPATH_SEARCH_PATHS = (
					"$(inherited)",
					"@executable_path/Frameworks",
					"@loader_path/Frameworks",
				);
				PRODUCT_BUNDLE_IDENTIFIER = com.medcare.app.tests;
				SDKROOT = iphoneos;
				TARGETED_DEVICE_FAMILY = "1,2";
				TEST_HOST = "$(BUILT_PRODUCTS_DIR)/MedCare.app/MedCare";
			};
			name = Release;
		};
		7F69B378F0ADAD574A7AF990 /* Debug */ = {
			isa = XCBuildConfiguration;
			buildSettings = {
				BUNDLE_LOADER = "$(TEST_HOST)";
				IPHONEOS_DEPLOYMENT_TARGET = 17.0;
				LD_RUNPATH_SEARCH_PATHS = (
					"$(inherited)",
					"@executable_path/Frameworks",
					"@loader_path/Frameworks",
				);
				PRODUCT_BUNDLE_IDENTIFIER = com.medcare.app.tests;
				SDKROOT = iphoneos;
				TARGETED_DEVICE_FAMILY = "1,2";
				TEST_HOST = "$(BUILT_PRODUCTS_DIR)/MedCare.app/MedCare";
			};
			name = Debug;
		};
		81F949AA18637F2759B69213 /* Release */ = {
			isa = XCBuildConfiguration;
			buildSettings = {
				CODE_SIGN_ENTITLEMENTS = MedCareWidgetExtension/MedCareWidgetExtension.entitlements;
				CODE_SIGN_STYLE = Automatic;
				DEVELOPMENT_TEAM = 5BM98X64RR;
				INFOPLIST_FILE = MedCareWidgetExtension/Info.plist;
				IPHONEOS_DEPLOYMENT_TARGET = 17.0;
				LD_RUNPATH_SEARCH_PATHS = (
					"$(inherited)",
					"@executable_path/Frameworks",
					"@executable_path/../../Frameworks",
				);
				PRODUCT_BUNDLE_IDENTIFIER = com.medcare.app.widgets;
				SDKROOT = iphoneos;
				SKIP_INSTALL = YES;
				TARGETED_DEVICE_FAMILY = "1,2";
			};
			name = Release;
		};
		ADCF6DD7E24124545731731C /* Release */ = {
			isa = XCBuildConfiguration;
			buildSettings = {
				ALWAYS_SEARCH_USER_PATHS = NO;
				CLANG_ANALYZER_NONNULL = YES;
				CLANG_ANALYZER_NUMBER_OBJECT_CONVERSION = YES_AGGRESSIVE;
				CLANG_CXX_LANGUAGE_STANDARD = "gnu++14";
				CLANG_CXX_LIBRARY = "libc++";
				CLANG_ENABLE_MODULES = YES;
				CLANG_ENABLE_OBJC_ARC = YES;
				CLANG_ENABLE_OBJC_WEAK = YES;
				CLANG_WARN_BLOCK_CAPTURE_AUTORELEASING = YES;
				CLANG_WARN_BOOL_CONVERSION = YES;
				CLANG_WARN_COMMA = YES;
				CLANG_WARN_CONSTANT_CONVERSION = YES;
				CLANG_WARN_DEPRECATED_OBJC_IMPLEMENTATIONS = YES;
				CLANG_WARN_DIRECT_OBJC_ISA_USAGE = YES_ERROR;
				CLANG_WARN_DOCUMENTATION_COMMENTS = YES;
				CLANG_WARN_EMPTY_BODY = YES;
				CLANG_WARN_ENUM_CONVERSION = YES;
				CLANG_WARN_INFINITE_RECURSION = YES;
				CLANG_WARN_INT_CONVERSION = YES;
				CLANG_WARN_NON_LITERAL_NULL_CONVERSION = YES;
				CLANG_WARN_OBJC_IMPLICIT_RETAIN_SELF = YES;
				CLANG_WARN_OBJC_LITERAL_CONVERSION = YES;
				CLANG_WARN_OBJC_ROOT_CLASS = YES_ERROR;
				CLANG_WARN_QUOTED_INCLUDE_IN_FRAMEWORK_HEADER = YES;
				CLANG_WARN_RANGE_LOOP_ANALYSIS = YES;
				CLANG_WARN_STRICT_PROTOTYPES = YES;
				CLANG_WARN_SUSPICIOUS_MOVE = YES;
				CLANG_WARN_UNGUARDED_AVAILABILITY = YES_AGGRESSIVE;
				CLANG_WARN_UNREACHABLE_CODE = YES;
				CLANG_WARN__DUPLICATE_METHOD_MATCH = YES;
				CODE_SIGN_STYLE = Automatic;
				COPY_PHASE_STRIP = NO;
				CURRENT_PROJECT_VERSION = 1;
				DEBUG_INFORMATION_FORMAT = "dwarf-with-dsym";
				DEVELOPMENT_TEAM = "";
				ENABLE_NS_ASSERTIONS = NO;
				ENABLE_STRICT_OBJC_MSGSEND = YES;
				GCC_C_LANGUAGE_STANDARD = gnu11;
				GCC_NO_COMMON_BLOCKS = YES;
				GCC_WARN_64_TO_32_BIT_CONVERSION = YES;
				GCC_WARN_ABOUT_RETURN_TYPE = YES_ERROR;
				GCC_WARN_UNDECLARED_SELECTOR = YES;
				GCC_WARN_UNINITIALIZED_AUTOS = YES_AGGRESSIVE;
				GCC_WARN_UNUSED_FUNCTION = YES;
				GCC_WARN_UNUSED_VARIABLE = YES;
				INFOPLIST_FILE = MedCare/Resources/Info.plist;
				IPHONEOS_DEPLOYMENT_TARGET = 17.0;
				MARKETING_VERSION = 1.0.0;
				MTL_ENABLE_DEBUG_INFO = NO;
				MTL_FAST_MATH = YES;
				PRODUCT_NAME = "$(TARGET_NAME)";
				SDKROOT = iphoneos;
				SWIFT_COMPILATION_MODE = wholemodule;
				SWIFT_OPTIMIZATION_LEVEL = "-O";
				SWIFT_STRICT_CONCURRENCY = minimal;
				SWIFT_VERSION = 5;
			};
			name = Release;
		};
		D020737A94F21CC129C0FA27 /* Release */ = {
			isa = XCBuildConfiguration;
			buildSettings = {
				ASSETCATALOG_COMPILER_APPICON_NAME = AppIcon;
				CODE_SIGN_ENTITLEMENTS = MedCare/Resources/MedCare.entitlements;
				CODE_SIGN_IDENTITY = "iPhone Developer";
				DEVELOPMENT_TEAM = 5BM98X64RR;
				INFOPLIST_FILE = MedCare/Resources/Info.plist;
				IPHONEOS_DEPLOYMENT_TARGET = 17.0;
				LD_RUNPATH_SEARCH_PATHS = (
					"$(inherited)",
					"@executable_path/Frameworks",
				);
				PRODUCT_BUNDLE_IDENTIFIER = com.medcare.app;
				SDKROOT = iphoneos;
				SUPPORTED_PLATFORMS = "iphoneos iphonesimulator";
				SUPPORTS_MAC_DESIGNED_FOR_IPHONE_IPAD = YES;
				SWIFT_EMIT_LOC_STRINGS = YES;
				TARGETED_DEVICE_FAMILY = "1,2";
			};
			name = Release;
		};
		F998D56D5B8E81BF4E994B6E /* Debug */ = {
			isa = XCBuildConfiguration;
			buildSettings = {
				ASSETCATALOG_COMPILER_APPICON_NAME = AppIcon;
				CODE_SIGN_ENTITLEMENTS = MedCare/Resources/MedCare.entitlements;
				CODE_SIGN_IDENTITY = "iPhone Developer";
				DEVELOPMENT_TEAM = 5BM98X64RR;
				INFOPLIST_FILE = MedCare/Resources/Info.plist;
				IPHONEOS_DEPLOYMENT_TARGET = 17.0;
				LD_RUNPATH_SEARCH_PATHS = (
					"$(inherited)",
					"@executable_path/Frameworks",
				);
				PRODUCT_BUNDLE_IDENTIFIER = com.medcare.app;
				SDKROOT = iphoneos;
				SUPPORTED_PLATFORMS = "iphoneos iphonesimulator";
				SUPPORTS_MAC_DESIGNED_FOR_IPHONE_IPAD = YES;
				SWIFT_EMIT_LOC_STRINGS = YES;
				TARGETED_DEVICE_FAMILY = "1,2";
			};
			name = Debug;
		};
/* End XCBuildConfiguration section */

/* Begin XCConfigurationList section */
		1A9520F40FD2291B062CFF7B /* Build configuration list for PBXNativeTarget "MedCareWidgetExtension" */ = {
			isa = XCConfigurationList;
			buildConfigurations = (
				1AE83CB96E9E756F0419E1D8 /* Debug */,
				81F949AA18637F2759B69213 /* Release */,
			);
			defaultConfigurationIsVisible = 0;
			defaultConfigurationName = Debug;
		};
		1C128B84AFBEA4350FB87DB3 /* Build configuration list for PBXProject "MedCare" */ = {
			isa = XCConfigurationList;
			buildConfigurations = (
				5AC9F3A85AFA3EBF1E041C79 /* Debug */,
				ADCF6DD7E24124545731731C /* Release */,
			);
			defaultConfigurationIsVisible = 0;
			defaultConfigurationName = Debug;
		};
		596D34F62C8C255DB3CEBACC /* Build configuration list for PBXNativeTarget "MedCareTests" */ = {
			isa = XCConfigurationList;
			buildConfigurations = (
				7F69B378F0ADAD574A7AF990 /* Debug */,
				60A03ABB933C647511866A4B /* Release */,
			);
			defaultConfigurationIsVisible = 0;
			defaultConfigurationName = Debug;
		};
		97B68DE0BE01191443A6C352 /* Build configuration list for PBXNativeTarget "MedCare" */ = {
			isa = XCConfigurationList;
			buildConfigurations = (
				F998D56D5B8E81BF4E994B6E /* Debug */,
				D020737A94F21CC129C0FA27 /* Release */,
			);
			defaultConfigurationIsVisible = 0;
			defaultConfigurationName = Debug;
		};
/* End XCConfigurationList section */
	};
	rootObject = C6C2D7953305CEE1BC03F0D5 /* Project object */;
}
